// !$*UTF8*$!
{
	archiveVersion = 1;
	classes = {
	};
	objectVersion = 46;
	objects = {

/* Begin PBXBuildFile section */
		FE4F78B51EDFE91600F96118 /* AppDelegate.swift in Sources */ = {isa = PBXBuildFile; fileRef = FE4F78B41EDFE91600F96118 /* AppDelegate.swift */; };
		FE4F78B71EDFE91600F96118 /* ViewController.swift in Sources */ = {isa = PBXBuildFile; fileRef = FE4F78B61EDFE91600F96118 /* ViewController.swift */; };
		FE4F78BA1EDFE91600F96118 /* Main.storyboard in Resources */ = {isa = PBXBuildFile; fileRef = FE4F78B81EDFE91600F96118 /* Main.storyboard */; };
		FE4F78BC1EDFE91600F96118 /* Assets.xcassets in Resources */ = {isa = PBXBuildFile; fileRef = FE4F78BB1EDFE91600F96118 /* Assets.xcassets */; };
		FE4F78BF1EDFE91600F96118 /* LaunchScreen.storyboard in Resources */ = {isa = PBXBuildFile; fileRef = FE4F78BD1EDFE91600F96118 /* LaunchScreen.storyboard */; };
/* End PBXBuildFile section */

/* Begin PBXFileReference section */
		FE4F78B11EDFE91600F96118 /* Practice0601_UIAlertController.app */ = {isa = PBXFileReference; explicitFileType = wrapper.application; includeInIndex = 0; path = Practice0601_UIAlertController.app; sourceTree = BUILT_PRODUCTS_DIR; };
		FE4F78B41EDFE91600F96118 /* AppDelegate.swift */ = {isa = PBXFileReference; lastKnownFileType = sourcecode.swift; path = AppDelegate.swift; sourceTree = "<group>"; };
		FE4F78B61EDFE91600F96118 /* ViewController.swift */ = {isa = PBXFileReference; lastKnownFileType = sourcecode.swift; path = ViewController.swift; sourceTree = "<group>"; };
		FE4F78B91EDFE91600F96118 /* Base */ = {isa = PBXFileReference; lastKnownFileType = file.storyboard; name = Base; path = Base.lproj/Main.storyboard; sourceTree = "<group>"; };
		FE4F78BB1EDFE91600F96118 /* Assets.xcassets */ = {isa = PBXFileReference; lastKnownFileType = folder.assetcatalog; path = Assets.xcassets; sourceTree = "<group>"; };
		FE4F78BE1EDFE91600F96118 /* Base */ = {isa = PBXFileReference; lastKnownFileType = file.storyboard; name = Base; path = Base.lproj/LaunchScreen.storyboard; sourceTree = "<group>"; };
		FE4F78C01EDFE91600F96118 /* Info.plist */ = {isa = PBXFileReference; lastKnownFileType = text.plist.xml; path = Info.plist; sourceTree = "<group>"; };
/* End PBXFileReference section */

/* Begin PBXFrameworksBuildPhase section */
		FE4F78AE1EDFE91500F96118 /* Frameworks */ = {
			isa = PBXFrameworksBuildPhase;
			buildActionMask = 2147483647;
			files = (
			);
			runOnlyForDeploymentPostprocessing = 0;
		};
/* End PBXFrameworksBuildPhase section */

/* Begin PBXGroup section */
		FE4F78A81EDFE91500F96118 = {
			isa = PBXGroup;
			children = (
				FE4F78B31EDFE91600F96118 /* Practice0601_UIAlertController */,
				FE4F78B21EDFE91600F96118 /* Products */,
			);
			sourceTree = "<group>";
		};
		FE4F78B21EDFE91600F96118 /* Products */ = {
			isa = PBXGroup;
			children = (
				FE4F78B11EDFE91600F96118 /* Practice0601_UIAlertController.app */,
			);
			name = Products;
			sourceTree = "<group>";
		};
		FE4F78B31EDFE91600F96118 /* Practice0601_UIAlertController */ = {
			isa = PBXGroup;
			children = (
				FE4F78B41EDFE91600F96118 /* AppDelegate.swift */,
				FE4F78B61EDFE91600F96118 /* ViewController.swift */,
				FE4F78B81EDFE91600F96118 /* Main.storyboard */,
				FE4F78BB1EDFE91600F96118 /* Assets.xcassets */,
				FE4F78BD1EDFE91600F96118 /* LaunchScreen.storyboard */,
				FE4F78C01EDFE91600F96118 /* Info.plist */,
			);
			path = Practice0601_UIAlertController;
			sourceTree = "<group>";
		};
/* End PBXGroup section */

/* Begin PBXNativeTarget section */
		FE4F78B01EDFE91500F96118 /* Practice0601_UIAlertController */ = {
			isa = PBXNativeTarget;
			buildConfigurationList = FE4F78C31EDFE91600F96118 /* Build configuration list for PBXNativeTarget "Practice0601_UIAlertController" */;
			buildPhases = (
				FE4F78AD1EDFE91500F96118 /* Sources */,
				FE4F78AE1EDFE91500F96118 /* Frameworks */,
				FE4F78AF1EDFE91500F96118 /* Resources */,
			);
			buildRules = (
			);
			dependencies = (
			);
			name = Practice0601_UIAlertController;
			productName = Practice0601_UIAlertController;
			productReference = FE4F78B11EDFE91600F96118 /* Practice0601_UIAlertController.app */;
			productType = "com.apple.product-type.application";
		};
/* End PBXNativeTarget section */

/* Begin PBXProject section */
		FE4F78A91EDFE91500F96118 /* Project object */ = {
			isa = PBXProject;
			attributes = {
				LastSwiftUpdateCheck = 0830;
				LastUpgradeCheck = 0830;
				ORGANIZATIONNAME = leejaesung;
				TargetAttributes = {
					FE4F78B01EDFE91500F96118 = {
						CreatedOnToolsVersion = 8.3.2;
						ProvisioningStyle = Automatic;
					};
				};
			};
			buildConfigurationList = FE4F78AC1EDFE91500F96118 /* Build configuration list for PBXProject "Practice0601_UIAlertController" */;
			compatibilityVersion = "Xcode 3.2";
			developmentRegion = English;
			hasScannedForEncodings = 0;
			knownRegions = (
				en,
				Base,
			);
			mainGroup = FE4F78A81EDFE91500F96118;
			productRefGroup = FE4F78B21EDFE91600F96118 /* Products */;
			projectDirPath = "";
			projectRoot = "";
			targets = (
				FE4F78B01EDFE91500F96118 /* Practice0601_UIAlertController */,
			);
		};
/* End PBXProject section */

/* Begin PBXResourcesBuildPhase section */
		FE4F78AF1EDFE91500F96118 /* Resources */ = {
			isa = PBXResourcesBuildPhase;
			buildActionMask = 2147483647;
			files = (
				FE4F78BF1EDFE91600F96118 /* LaunchScreen.storyboard in Resources */,
				FE4F78BC1EDFE91600F96118 /* Assets.xcassets in Resources */,
				FE4F78BA1EDFE91600F96118 /* Main.storyboard in Resources */,
			);
			runOnlyForDeploymentPostprocessing = 0;
		};
/* End PBXResourcesBuildPhase section */

/* Begin PBXSourcesBuildPhase section */
		FE4F78AD1EDFE91500F96118 /* Sources */ = {
			isa = PBXSourcesBuildPhase;
			buildActionMask = 2147483647;
			files = (
				FE4F78B71EDFE91600F96118 /* ViewController.swift in Sources */,
				FE4F78B51EDFE91600F96118 /* AppDelegate.swift in Sources */,
			);
			runOnlyForDeploymentPostprocessing = 0;
		};
/* End PBXSourcesBuildPhase section */

/* Begin PBXVariantGroup section */
		FE4F78B81EDFE91600F96118 /* Main.storyboard */ = {
			isa = PBXVariantGroup;
			children = (
				FE4F78B91EDFE91600F96118 /* Base */,
			);
			name = Main.storyboard;
			sourceTree = "<group>";
		};
		FE4F78BD1EDFE91600F96118 /* LaunchScreen.storyboard */ = {
			isa = PBXVariantGroup;
			children = (
				FE4F78BE1EDFE91600F96118 /* Base */,
			);
			name = LaunchScreen.storyboard;
			sourceTree = "<group>";
		};
/* End PBXVariantGroup section */

/* Begin XCBuildConfiguration section */
		FE4F78C11EDFE91600F96118 /* Debug */ = {
			isa = XCBuildConfiguration;
			buildSettings = {
				ALWAYS_SEARCH_USER_PATHS = NO;
				CLANG_ANALYZER_NONNULL = YES;
				CLANG_ANALYZER_NUMBER_OBJECT_CONVERSION = YES_AGGRESSIVE;
				CLANG_CXX_LANGUAGE_STANDARD = "gnu++0x";
				CLANG_CXX_LIBRARY = "libc++";
				CLANG_ENABLE_MODULES = YES;
				CLANG_ENABLE_OBJC_ARC = YES;
				CLANG_WARN_BOOL_CONVERSION = YES;
				CLANG_WARN_CONSTANT_CONVERSION = YES;
				CLANG_WARN_DIRECT_OBJC_ISA_USAGE = YES_ERROR;
				CLANG_WARN_DOCUMENTATION_COMMENTS = YES;
				CLANG_WARN_EMPTY_BODY = YES;
				CLANG_WARN_ENUM_CONVERSION = YES;
				CLANG_WARN_INFINITE_RECURSION = YES;
				CLANG_WARN_INT_CONVERSION = YES;
				CLANG_WARN_OBJC_ROOT_CLASS = YES_ERROR;
				CLANG_WARN_SUSPICIOUS_MOVE = YES;
				CLANG_WARN_UNREACHABLE_CODE = YES;
				CLANG_WARN__DUPLICATE_METHOD_MATCH = YES;
				"CODE_SIGN_IDENTITY[sdk=iphoneos*]" = "iPhone Developer";
				COPY_PHASE_STRIP = NO;
				DEBUG_INFORMATION_FORMAT = dwarf;
				ENABLE_STRICT_OBJC_MSGSEND = YES;
				ENABLE_TESTABILITY = YES;
				GCC_C_LANGUAGE_STANDARD = gnu99;
				GCC_DYNAMIC_NO_PIC = NO;
				GCC_NO_COMMON_BLOCKS = YES;
				GCC_OPTIMIZATION_LEVEL = 0;
				GCC_PREPROCESSOR_DEFINITIONS = (
					"DEBUG=1",
					"$(inherited)",
				);
				GCC_WARN_64_TO_32_BIT_CONVERSION = YES;
				GCC_WARN_ABOUT_RETURN_TYPE = YES_ERROR;
				GCC_WARN_UNDECLARED_SELECTOR = YES;
				GCC_WARN_UNINITIALIZED_AUTOS = YES_AGGRESSIVE;
				GCC_WARN_UNUSED_FUNCTION = YES;
				GCC_WARN_UNUSED_VARIABLE = YES;
				IPHONEOS_DEPLOYMENT_TARGET = 10.3;
				MTL_ENABLE_DEBUG_INFO = YES;
				ONLY_ACTIVE_ARCH = YES;
				SDKROOT = iphoneos;
				SWIFT_ACTIVE_COMPILATION_CONDITIONS = DEBUG;
				SWIFT_OPTIMIZATION_LEVEL = "-Onone";
				TARGETED_DEVICE_FAMILY = "1,2";
			};
			name = Debug;
		};
		FE4F78C21EDFE91600F96118 /* Release */ = {
			isa = XCBuildConfiguration;
			buildSettings = {
				ALWAYS_SEARCH_USER_PATHS = NO;
				CLANG_ANALYZER_NONNULL = YES;
				CLANG_ANALYZER_NUMBER_OBJECT_CONVERSION = YES_AGGRESSIVE;
				CLANG_CXX_LANGUAGE_STANDARD = "gnu++0x";
				CLANG_CXX_LIBRARY = "libc++";
				CLANG_ENABLE_MODULES = YES;
				CLANG_ENABLE_OBJC_ARC = YES;
				CLANG_WARN_BOOL_CONVERSION = YES;
				CLANG_WARN_CONSTANT_CONVERSION = YES;
				CLANG_WARN_DIRECT_OBJC_ISA_USAGE = YES_ERROR;
				CLANG_WARN_DOCUMENTATION_COMMENTS = YES;
				CLANG_WARN_EMPTY_BODY = YES;
				CLANG_WARN_ENUM_CONVERSION = YES;
				CLANG_WARN_INFINITE_RECURSION = YES;
				CLANG_WARN_INT_CONVERSION = YES;
				CLANG_WARN_OBJC_ROOT_CLASS = YES_ERROR;
				CLANG_WARN_SUSPICIOUS_MOVE = YES;
				CLANG_WARN_UNREACHABLE_CODE = YES;
				CLANG_WARN__DUPLICATE_METHOD_MATCH = YES;
				"CODE_SIGN_IDENTITY[sdk=iphoneos*]" = "iPhone Developer";
				COPY_PHASE_STRIP = NO;
				DEBUG_INFORMATION_FORMAT = "dwarf-with-dsym";
				ENABLE_NS_ASSERTIONS = NO;
				ENABLE_STRICT_OBJC_MSGSEND = YES;
				GCC_C_LANGUAGE_STANDARD = gnu99;
				GCC_NO_COMMON_BLOCKS = YES;
				GCC_WARN_64_TO_32_BIT_CONVERSION = YES;
				GCC_WARN_ABOUT_RETURN_TYPE = YES_ERROR;
				GCC_WARN_UNDECLARED_SELECTOR = YES;
				GCC_WARN_UNINITIALIZED_AUTOS = YES_AGGRESSIVE;
				GCC_WARN_UNUSED_FUNCTION = YES;
				GCC_WARN_UNUSED_VARIABLE = YES;
				IPHONEOS_DEPLOYMENT_TARGET = 10.3;
				MTL_ENABLE_DEBUG_INFO = NO;
				SDKROOT = iphoneos;
				SWIFT_OPTIMIZATION_LEVEL = "-Owholemodule";
				TARGETED_DEVICE_FAMILY = "1,2";
				VALIDATE_PRODUCT = YES;
			};
			name = Release;
		};
		FE4F78C41EDFE91600F96118 /* Debug */ = {
			isa = XCBuildConfiguration;
			buildSettings = {
				ASSETCATALOG_COMPILER_APPICON_NAME = AppIcon;
				INFOPLIST_FILE = Practice0601_UIAlertController/Info.plist;
				LD_RUNPATH_SEARCH_PATHS = "$(inherited) @executable_path/Frameworks";
				PRODUCT_BUNDLE_IDENTIFIER = "net.blackturtle2.Practice0601-UIAlertController";
				PRODUCT_NAME = "$(TARGET_NAME)";
				SWIFT_VERSION = 3.0;
			};
			name = Debug;
		};
		FE4F78C51EDFE91600F96118 /* Release */ = {
			isa = XCBuildConfiguration;
			buildSettings = {
				ASSETCATALOG_COMPILER_APPICON_NAME = AppIcon;
				INFOPLIST_FILE = Practice0601_UIAlertController/Info.plist;
				LD_RUNPATH_SEARCH_PATHS = "$(inherited) @executable_path/Frameworks";
				PRODUCT_BUNDLE_IDENTIFIER = "net.blackturtle2.Practice0601-UIAlertController";
				PRODUCT_NAME = "$(TARGET_NAME)";
				SWIFT_VERSION = 3.0;
			};
			name = Release;
		};
/* End XCBuildConfiguration section */

/* Begin XCConfigurationList section */
		FE4F78AC1EDFE91500F96118 /* Build configuration list for PBXProject "Practice0601_UIAlertController" */ = {
			isa = XCConfigurationList;
			buildConfigurations = (
				FE4F78C11EDFE91600F96118 /* Debug */,
				FE4F78C21EDFE91600F96118 /* Release */,
			);
			defaultConfigurationIsVisible = 0;
			defaultConfigurationName = Release;
		};
		FE4F78C31EDFE91600F96118 /* Build configuration list for PBXNativeTarget "Practice0601_UIAlertController" */ = {
			isa = XCConfigurationList;
			buildConfigurations = (
				FE4F78C41EDFE91600F96118 /* Debug */,
				FE4F78C51EDFE91600F96118 /* Release */,
			);
			defaultConfigurationIsVisible = 0;
		};
/* End XCConfigurationList section */
	};
	rootObject = FE4F78A91EDFE91500F96118 /* Project object */;
}
