// !$*UTF8*$!
{
	archiveVersion = 1;
	classes = {
	};
	objectVersion = 46;
	objects = {

/* Begin PBXBuildFile section */
		FE7095741EC2F87000072238 /* AppDelegate.swift in Sources */ = {isa = PBXBuildFile; fileRef = FE7095731EC2F87000072238 /* AppDelegate.swift */; };
		FE7095761EC2F87000072238 /* ViewController.swift in Sources */ = {isa = PBXBuildFile; fileRef = FE7095751EC2F87000072238 /* ViewController.swift */; };
		FE7095791EC2F87000072238 /* Main.storyboard in Resources */ = {isa = PBXBuildFile; fileRef = FE7095771EC2F87000072238 /* Main.storyboard */; };
		FE70957B1EC2F87000072238 /* Assets.xcassets in Resources */ = {isa = PBXBuildFile; fileRef = FE70957A1EC2F87000072238 /* Assets.xcassets */; };
		FE70957E1EC2F87000072238 /* LaunchScreen.storyboard in Resources */ = {isa = PBXBuildFile; fileRef = FE70957C1EC2F87000072238 /* LaunchScreen.storyboard */; };
/* End PBXBuildFile section */

/* Begin PBXFileReference section */
		FE7095701EC2F87000072238 /* Calculation.app */ = {isa = PBXFileReference; explicitFileType = wrapper.application; includeInIndex = 0; path = Calculation.app; sourceTree = BUILT_PRODUCTS_DIR; };
		FE7095731EC2F87000072238 /* AppDelegate.swift */ = {isa = PBXFileReference; lastKnownFileType = sourcecode.swift; path = AppDelegate.swift; sourceTree = "<group>"; };
		FE7095751EC2F87000072238 /* ViewController.swift */ = {isa = PBXFileReference; lastKnownFileType = sourcecode.swift; path = ViewController.swift; sourceTree = "<group>"; };
		FE7095781EC2F87000072238 /* Base */ = {isa = PBXFileReference; lastKnownFileType = file.storyboard; name = Base; path = Base.lproj/Main.storyboard; sourceTree = "<group>"; };
		FE70957A1EC2F87000072238 /* Assets.xcassets */ = {isa = PBXFileReference; lastKnownFileType = folder.assetcatalog; path = Assets.xcassets; sourceTree = "<group>"; };
		FE70957D1EC2F87000072238 /* Base */ = {isa = PBXFileReference; lastKnownFileType = file.storyboard; name = Base; path = Base.lproj/LaunchScreen.storyboard; sourceTree = "<group>"; };
		FE70957F1EC2F87000072238 /* Info.plist */ = {isa = PBXFileReference; lastKnownFileType = text.plist.xml; path = Info.plist; sourceTree = "<group>"; };
/* End PBXFileReference section */

/* Begin PBXFrameworksBuildPhase section */
		FE70956D1EC2F87000072238 /* Frameworks */ = {
			isa = PBXFrameworksBuildPhase;
			buildActionMask = 2147483647;
			files = (
			);
			runOnlyForDeploymentPostprocessing = 0;
		};
/* End PBXFrameworksBuildPhase section */

/* Begin PBXGroup section */
		FE7095671EC2F87000072238 = {
			isa = PBXGroup;
			children = (
				FE7095721EC2F87000072238 /* Calculation */,
				FE7095711EC2F87000072238 /* Products */,
			);
			sourceTree = "<group>";
		};
		FE7095711EC2F87000072238 /* Products */ = {
			isa = PBXGroup;
			children = (
				FE7095701EC2F87000072238 /* Calculation.app */,
			);
			name = Products;
			sourceTree = "<group>";
		};
		FE7095721EC2F87000072238 /* Calculation */ = {
			isa = PBXGroup;
			children = (
				FE7095731EC2F87000072238 /* AppDelegate.swift */,
				FE7095751EC2F87000072238 /* ViewController.swift */,
				FE7095771EC2F87000072238 /* Main.storyboard */,
				FE70957A1EC2F87000072238 /* Assets.xcassets */,
				FE70957C1EC2F87000072238 /* LaunchScreen.storyboard */,
				FE70957F1EC2F87000072238 /* Info.plist */,
			);
			path = Calculation;
			sourceTree = "<group>";
		};
/* End PBXGroup section */

/* Begin PBXNativeTarget section */
		FE70956F1EC2F87000072238 /* Calculation */ = {
			isa = PBXNativeTarget;
			buildConfigurationList = FE7095821EC2F87000072238 /* Build configuration list for PBXNativeTarget "Calculation" */;
			buildPhases = (
				FE70956C1EC2F87000072238 /* Sources */,
				FE70956D1EC2F87000072238 /* Frameworks */,
				FE70956E1EC2F87000072238 /* Resources */,
			);
			buildRules = (
			);
			dependencies = (
			);
			name = Calculation;
			productName = Calculation;
			productReference = FE7095701EC2F87000072238 /* Calculation.app */;
			productType = "com.apple.product-type.application";
		};
/* End PBXNativeTarget section */

/* Begin PBXProject section */
		FE7095681EC2F87000072238 /* Project object */ = {
			isa = PBXProject;
			attributes = {
				LastSwiftUpdateCheck = 0830;
				LastUpgradeCheck = 0830;
				ORGANIZATIONNAME = leejaesung;
				TargetAttributes = {
					FE70956F1EC2F87000072238 = {
						CreatedOnToolsVersion = 8.3.2;
						ProvisioningStyle = Automatic;
					};
				};
			};
			buildConfigurationList = FE70956B1EC2F87000072238 /* Build configuration list for PBXProject "Calculation" */;
			compatibilityVersion = "Xcode 3.2";
			developmentRegion = English;
			hasScannedForEncodings = 0;
			knownRegions = (
				en,
				Base,
			);
			mainGroup = FE7095671EC2F87000072238;
			productRefGroup = FE7095711EC2F87000072238 /* Products */;
			projectDirPath = "";
			projectRoot = "";
			targets = (
				FE70956F1EC2F87000072238 /* Calculation */,
			);
		};
/* End PBXProject section */

/* Begin PBXResourcesBuildPhase section */
		FE70956E1EC2F87000072238 /* Resources */ = {
			isa = PBXResourcesBuildPhase;
			buildActionMask = 2147483647;
			files = (
				FE70957E1EC2F87000072238 /* LaunchScreen.storyboard in Resources */,
				FE70957B1EC2F87000072238 /* Assets.xcassets in Resources */,
				FE7095791EC2F87000072238 /* Main.storyboard in Resources */,
			);
			runOnlyForDeploymentPostprocessing = 0;
		};
/* End PBXResourcesBuildPhase section */

/* Begin PBXSourcesBuildPhase section */
		FE70956C1EC2F87000072238 /* Sources */ = {
			isa = PBXSourcesBuildPhase;
			buildActionMask = 2147483647;
			files = (
				FE7095761EC2F87000072238 /* ViewController.swift in Sources */,
				FE7095741EC2F87000072238 /* AppDelegate.swift in Sources */,
			);
			runOnlyForDeploymentPostprocessing = 0;
		};
/* End PBXSourcesBuildPhase section */

/* Begin PBXVariantGroup section */
		FE7095771EC2F87000072238 /* Main.storyboard */ = {
			isa = PBXVariantGroup;
			children = (
				FE7095781EC2F87000072238 /* Base */,
			);
			name = Main.storyboard;
			sourceTree = "<group>";
		};
		FE70957C1EC2F87000072238 /* LaunchScreen.storyboard */ = {
			isa = PBXVariantGroup;
			children = (
				FE70957D1EC2F87000072238 /* Base */,
			);
			name = LaunchScreen.storyboard;
			sourceTree = "<group>";
		};
/* End PBXVariantGroup section */

/* Begin XCBuildConfiguration section */
		FE7095801EC2F87000072238 /* Debug */ = {
			isa = XCBuildConfiguration;
			buildSettings = {
				ALWAYS_SEARCH_USER_PATHS = NO;
				CLANG_ANALYZER_NONNULL = YES;
				CLANG_ANALYZER_NUMBER_OBJECT_CONVERSION = YES_AGGRESSIVE;
				CLANG_CXX_LANGUAGE_STANDARD = "gnu++0x";
				CLANG_CXX_LIBRARY = "libc++";
				CLANG_ENABLE_MODULES = YES;
				CLANG_ENABLE_OBJC_ARC = YES;
				CLANG_WARN_BOOL_CONVERSION = YES;
				CLANG_WARN_CONSTANT_CONVERSION = YES;
				CLANG_WARN_DIRECT_OBJC_ISA_USAGE = YES_ERROR;
				CLANG_WARN_DOCUMENTATION_COMMENTS = YES;
				CLANG_WARN_EMPTY_BODY = YES;
				CLANG_WARN_ENUM_CONVERSION = YES;
				CLANG_WARN_INFINITE_RECURSION = YES;
				CLANG_WARN_INT_CONVERSION = YES;
				CLANG_WARN_OBJC_ROOT_CLASS = YES_ERROR;
				CLANG_WARN_SUSPICIOUS_MOVE = YES;
				CLANG_WARN_UNREACHABLE_CODE = YES;
				CLANG_WARN__DUPLICATE_METHOD_MATCH = YES;
				"CODE_SIGN_IDENTITY[sdk=iphoneos*]" = "iPhone Developer";
				COPY_PHASE_STRIP = NO;
				DEBUG_INFORMATION_FORMAT = dwarf;
				ENABLE_STRICT_OBJC_MSGSEND = YES;
				ENABLE_TESTABILITY = YES;
				GCC_C_LANGUAGE_STANDARD = gnu99;
				GCC_DYNAMIC_NO_PIC = NO;
				GCC_NO_COMMON_BLOCKS = YES;
				GCC_OPTIMIZATION_LEVEL = 0;
				GCC_PREPROCESSOR_DEFINITIONS = (
					"DEBUG=1",
					"$(inherited)",
				);
				GCC_WARN_64_TO_32_BIT_CONVERSION = YES;
				GCC_WARN_ABOUT_RETURN_TYPE = YES_ERROR;
				GCC_WARN_UNDECLARED_SELECTOR = YES;
				GCC_WARN_UNINITIALIZED_AUTOS = YES_AGGRESSIVE;
				GCC_WARN_UNUSED_FUNCTION = YES;
				GCC_WARN_UNUSED_VARIABLE = YES;
				IPHONEOS_DEPLOYMENT_TARGET = 10.3;
				MTL_ENABLE_DEBUG_INFO = YES;
				ONLY_ACTIVE_ARCH = YES;
				SDKROOT = iphoneos;
				SWIFT_ACTIVE_COMPILATION_CONDITIONS = DEBUG;
				SWIFT_OPTIMIZATION_LEVEL = "-Onone";
			};
			name = Debug;
		};
		FE7095811EC2F87000072238 /* Release */ = {
			isa = XCBuildConfiguration;
			buildSettings = {
				ALWAYS_SEARCH_USER_PATHS = NO;
				CLANG_ANALYZER_NONNULL = YES;
				CLANG_ANALYZER_NUMBER_OBJECT_CONVERSION = YES_AGGRESSIVE;
				CLANG_CXX_LANGUAGE_STANDARD = "gnu++0x";
				CLANG_CXX_LIBRARY = "libc++";
				CLANG_ENABLE_MODULES = YES;
				CLANG_ENABLE_OBJC_ARC = YES;
				CLANG_WARN_BOOL_CONVERSION = YES;
				CLANG_WARN_CONSTANT_CONVERSION = YES;
				CLANG_WARN_DIRECT_OBJC_ISA_USAGE = YES_ERROR;
				CLANG_WARN_DOCUMENTATION_COMMENTS = YES;
				CLANG_WARN_EMPTY_BODY = YES;
				CLANG_WARN_ENUM_CONVERSION = YES;
				CLANG_WARN_INFINITE_RECURSION = YES;
				CLANG_WARN_INT_CONVERSION = YES;
				CLANG_WARN_OBJC_ROOT_CLASS = YES_ERROR;
				CLANG_WARN_SUSPICIOUS_MOVE = YES;
				CLANG_WARN_UNREACHABLE_CODE = YES;
				CLANG_WARN__DUPLICATE_METHOD_MATCH = YES;
				"CODE_SIGN_IDENTITY[sdk=iphoneos*]" = "iPhone Developer";
				COPY_PHASE_STRIP = NO;
				DEBUG_INFORMATION_FORMAT = "dwarf-with-dsym";
				ENABLE_NS_ASSERTIONS = NO;
				ENABLE_STRICT_OBJC_MSGSEND = YES;
				GCC_C_LANGUAGE_STANDARD = gnu99;
				GCC_NO_COMMON_BLOCKS = YES;
				GCC_WARN_64_TO_32_BIT_CONVERSION = YES;
				GCC_WARN_ABOUT_RETURN_TYPE = YES_ERROR;
				GCC_WARN_UNDECLARED_SELECTOR = YES;
				GCC_WARN_UNINITIALIZED_AUTOS = YES_AGGRESSIVE;
				GCC_WARN_UNUSED_FUNCTION = YES;
				GCC_WARN_UNUSED_VARIABLE = YES;
				IPHONEOS_DEPLOYMENT_TARGET = 10.3;
				MTL_ENABLE_DEBUG_INFO = NO;
				SDKROOT = iphoneos;
				SWIFT_OPTIMIZATION_LEVEL = "-Owholemodule";
				VALIDATE_PRODUCT = YES;
			};
			name = Release;
		};
		FE7095831EC2F87000072238 /* Debug */ = {
			isa = XCBuildConfiguration;
			buildSettings = {
				ASSETCATALOG_COMPILER_APPICON_NAME = AppIcon;
				INFOPLIST_FILE = Calculation/Info.plist;
				LD_RUNPATH_SEARCH_PATHS = "$(inherited) @executable_path/Frameworks";
				PRODUCT_BUNDLE_IDENTIFIER = net.blackturtle2.Calculation;
				PRODUCT_NAME = "$(TARGET_NAME)";
				SWIFT_VERSION = 3.0;
			};
			name = Debug;
		};
		FE7095841EC2F87000072238 /* Release */ = {
			isa = XCBuildConfiguration;
			buildSettings = {
				ASSETCATALOG_COMPILER_APPICON_NAME = AppIcon;
				INFOPLIST_FILE = Calculation/Info.plist;
				LD_RUNPATH_SEARCH_PATHS = "$(inherited) @executable_path/Frameworks";
				PRODUCT_BUNDLE_IDENTIFIER = net.blackturtle2.Calculation;
				PRODUCT_NAME = "$(TARGET_NAME)";
				SWIFT_VERSION = 3.0;
			};
			name = Release;
		};
/* End XCBuildConfiguration section */

/* Begin XCConfigurationList section */
		FE70956B1EC2F87000072238 /* Build configuration list for PBXProject "Calculation" */ = {
			isa = XCConfigurationList;
			buildConfigurations = (
				FE7095801EC2F87000072238 /* Debug */,
				FE7095811EC2F87000072238 /* Release */,
			);
			defaultConfigurationIsVisible = 0;
			defaultConfigurationName = Release;
		};
		FE7095821EC2F87000072238 /* Build configuration list for PBXNativeTarget "Calculation" */ = {
			isa = XCConfigurationList;
			buildConfigurations = (
				FE7095831EC2F87000072238 /* Debug */,
				FE7095841EC2F87000072238 /* Release */,
			);
			defaultConfigurationIsVisible = 0;
		};
/* End XCConfigurationList section */
	};
	rootObject = FE7095681EC2F87000072238 /* Project object */;
}
