// !$*UTF8*$!
{
	archiveVersion = 1;
	classes = {
	};
	objectVersion = 46;
	objects = {

/* Begin PBXBuildFile section */
		FE58DF1C1ED2B4CC00A9FFB4 /* AppDelegate.swift in Sources */ = {isa = PBXBuildFile; fileRef = FE58DF1B1ED2B4CC00A9FFB4 /* AppDelegate.swift */; };
		FE58DF1E1ED2B4CC00A9FFB4 /* ViewController.swift in Sources */ = {isa = PBXBuildFile; fileRef = FE58DF1D1ED2B4CC00A9FFB4 /* ViewController.swift */; };
		FE58DF211ED2B4CC00A9FFB4 /* Main.storyboard in Resources */ = {isa = PBXBuildFile; fileRef = FE58DF1F1ED2B4CC00A9FFB4 /* Main.storyboard */; };
		FE58DF231ED2B4CC00A9FFB4 /* Assets.xcassets in Resources */ = {isa = PBXBuildFile; fileRef = FE58DF221ED2B4CC00A9FFB4 /* Assets.xcassets */; };
		FE58DF261ED2B4CC00A9FFB4 /* LaunchScreen.storyboard in Resources */ = {isa = PBXBuildFile; fileRef = FE58DF241ED2B4CC00A9FFB4 /* LaunchScreen.storyboard */; };
		FE58DF2E1ED2C79900A9FFB4 /* gfriend.jpg in Resources */ = {isa = PBXBuildFile; fileRef = FE58DF2D1ED2C79900A9FFB4 /* gfriend.jpg */; };
		FE58DF301ED2C87000A9FFB4 /* gfriend2.png in Resources */ = {isa = PBXBuildFile; fileRef = FE58DF2F1ED2C87000A9FFB4 /* gfriend2.png */; };
/* End PBXBuildFile section */

/* Begin PBXFileReference section */
		FE58DF181ED2B4CC00A9FFB4 /* Practice0522.app */ = {isa = PBXFileReference; explicitFileType = wrapper.application; includeInIndex = 0; path = Practice0522.app; sourceTree = BUILT_PRODUCTS_DIR; };
		FE58DF1B1ED2B4CC00A9FFB4 /* AppDelegate.swift */ = {isa = PBXFileReference; lastKnownFileType = sourcecode.swift; path = AppDelegate.swift; sourceTree = "<group>"; };
		FE58DF1D1ED2B4CC00A9FFB4 /* ViewController.swift */ = {isa = PBXFileReference; lastKnownFileType = sourcecode.swift; path = ViewController.swift; sourceTree = "<group>"; };
		FE58DF201ED2B4CC00A9FFB4 /* Base */ = {isa = PBXFileReference; lastKnownFileType = file.storyboard; name = Base; path = Base.lproj/Main.storyboard; sourceTree = "<group>"; };
		FE58DF221ED2B4CC00A9FFB4 /* Assets.xcassets */ = {isa = PBXFileReference; lastKnownFileType = folder.assetcatalog; path = Assets.xcassets; sourceTree = "<group>"; };
		FE58DF251ED2B4CC00A9FFB4 /* Base */ = {isa = PBXFileReference; lastKnownFileType = file.storyboard; name = Base; path = Base.lproj/LaunchScreen.storyboard; sourceTree = "<group>"; };
		FE58DF271ED2B4CC00A9FFB4 /* Info.plist */ = {isa = PBXFileReference; lastKnownFileType = text.plist.xml; path = Info.plist; sourceTree = "<group>"; };
		FE58DF2D1ED2C79900A9FFB4 /* gfriend.jpg */ = {isa = PBXFileReference; lastKnownFileType = image.jpeg; path = gfriend.jpg; sourceTree = "<group>"; };
		FE58DF2F1ED2C87000A9FFB4 /* gfriend2.png */ = {isa = PBXFileReference; lastKnownFileType = image.png; path = gfriend2.png; sourceTree = "<group>"; };
/* End PBXFileReference section */

/* Begin PBXFrameworksBuildPhase section */
		FE58DF151ED2B4CC00A9FFB4 /* Frameworks */ = {
			isa = PBXFrameworksBuildPhase;
			buildActionMask = 2147483647;
			files = (
			);
			runOnlyForDeploymentPostprocessing = 0;
		};
/* End PBXFrameworksBuildPhase section */

/* Begin PBXGroup section */
		FE58DF0F1ED2B4CC00A9FFB4 = {
			isa = PBXGroup;
			children = (
				FE58DF1A1ED2B4CC00A9FFB4 /* Practice0522 */,
				FE58DF191ED2B4CC00A9FFB4 /* Products */,
			);
			sourceTree = "<group>";
		};
		FE58DF191ED2B4CC00A9FFB4 /* Products */ = {
			isa = PBXGroup;
			children = (
				FE58DF181ED2B4CC00A9FFB4 /* Practice0522.app */,
			);
			name = Products;
			sourceTree = "<group>";
		};
		FE58DF1A1ED2B4CC00A9FFB4 /* Practice0522 */ = {
			isa = PBXGroup;
			children = (
				FE58DF1B1ED2B4CC00A9FFB4 /* AppDelegate.swift */,
				FE58DF1D1ED2B4CC00A9FFB4 /* ViewController.swift */,
				FE58DF1F1ED2B4CC00A9FFB4 /* Main.storyboard */,
				FE58DF221ED2B4CC00A9FFB4 /* Assets.xcassets */,
				FE58DF241ED2B4CC00A9FFB4 /* LaunchScreen.storyboard */,
				FE58DF271ED2B4CC00A9FFB4 /* Info.plist */,
				FE58DF2D1ED2C79900A9FFB4 /* gfriend.jpg */,
				FE58DF2F1ED2C87000A9FFB4 /* gfriend2.png */,
			);
			path = Practice0522;
			sourceTree = "<group>";
		};
/* End PBXGroup section */

/* Begin PBXNativeTarget section */
		FE58DF171ED2B4CC00A9FFB4 /* Practice0522 */ = {
			isa = PBXNativeTarget;
			buildConfigurationList = FE58DF2A1ED2B4CC00A9FFB4 /* Build configuration list for PBXNativeTarget "Practice0522" */;
			buildPhases = (
				FE58DF141ED2B4CC00A9FFB4 /* Sources */,
				FE58DF151ED2B4CC00A9FFB4 /* Frameworks */,
				FE58DF161ED2B4CC00A9FFB4 /* Resources */,
			);
			buildRules = (
			);
			dependencies = (
			);
			name = Practice0522;
			productName = Practice0522;
			productReference = FE58DF181ED2B4CC00A9FFB4 /* Practice0522.app */;
			productType = "com.apple.product-type.application";
		};
/* End PBXNativeTarget section */

/* Begin PBXProject section */
		FE58DF101ED2B4CC00A9FFB4 /* Project object */ = {
			isa = PBXProject;
			attributes = {
				LastSwiftUpdateCheck = 0830;
				LastUpgradeCheck = 0830;
				ORGANIZATIONNAME = leejaesung;
				TargetAttributes = {
					FE58DF171ED2B4CC00A9FFB4 = {
						CreatedOnToolsVersion = 8.3.2;
						ProvisioningStyle = Automatic;
					};
				};
			};
			buildConfigurationList = FE58DF131ED2B4CC00A9FFB4 /* Build configuration list for PBXProject "Practice0522" */;
			compatibilityVersion = "Xcode 3.2";
			developmentRegion = English;
			hasScannedForEncodings = 0;
			knownRegions = (
				en,
				Base,
			);
			mainGroup = FE58DF0F1ED2B4CC00A9FFB4;
			productRefGroup = FE58DF191ED2B4CC00A9FFB4 /* Products */;
			projectDirPath = "";
			projectRoot = "";
			targets = (
				FE58DF171ED2B4CC00A9FFB4 /* Practice0522 */,
			);
		};
/* End PBXProject section */

/* Begin PBXResourcesBuildPhase section */
		FE58DF161ED2B4CC00A9FFB4 /* Resources */ = {
			isa = PBXResourcesBuildPhase;
			buildActionMask = 2147483647;
			files = (
				FE58DF261ED2B4CC00A9FFB4 /* LaunchScreen.storyboard in Resources */,
				FE58DF301ED2C87000A9FFB4 /* gfriend2.png in Resources */,
				FE58DF2E1ED2C79900A9FFB4 /* gfriend.jpg in Resources */,
				FE58DF231ED2B4CC00A9FFB4 /* Assets.xcassets in Resources */,
				FE58DF211ED2B4CC00A9FFB4 /* Main.storyboard in Resources */,
			);
			runOnlyForDeploymentPostprocessing = 0;
		};
/* End PBXResourcesBuildPhase section */

/* Begin PBXSourcesBuildPhase section */
		FE58DF141ED2B4CC00A9FFB4 /* Sources */ = {
			isa = PBXSourcesBuildPhase;
			buildActionMask = 2147483647;
			files = (
				FE58DF1E1ED2B4CC00A9FFB4 /* ViewController.swift in Sources */,
				FE58DF1C1ED2B4CC00A9FFB4 /* AppDelegate.swift in Sources */,
			);
			runOnlyForDeploymentPostprocessing = 0;
		};
/* End PBXSourcesBuildPhase section */

/* Begin PBXVariantGroup section */
		FE58DF1F1ED2B4CC00A9FFB4 /* Main.storyboard */ = {
			isa = PBXVariantGroup;
			children = (
				FE58DF201ED2B4CC00A9FFB4 /* Base */,
			);
			name = Main.storyboard;
			sourceTree = "<group>";
		};
		FE58DF241ED2B4CC00A9FFB4 /* LaunchScreen.storyboard */ = {
			isa = PBXVariantGroup;
			children = (
				FE58DF251ED2B4CC00A9FFB4 /* Base */,
			);
			name = LaunchScreen.storyboard;
			sourceTree = "<group>";
		};
/* End PBXVariantGroup section */

/* Begin XCBuildConfiguration section */
		FE58DF281ED2B4CC00A9FFB4 /* Debug */ = {
			isa = XCBuildConfiguration;
			buildSettings = {
				ALWAYS_SEARCH_USER_PATHS = NO;
				CLANG_ANALYZER_NONNULL = YES;
				CLANG_ANALYZER_NUMBER_OBJECT_CONVERSION = YES_AGGRESSIVE;
				CLANG_CXX_LANGUAGE_STANDARD = "gnu++0x";
				CLANG_CXX_LIBRARY = "libc++";
				CLANG_ENABLE_MODULES = YES;
				CLANG_ENABLE_OBJC_ARC = YES;
				CLANG_WARN_BOOL_CONVERSION = YES;
				CLANG_WARN_CONSTANT_CONVERSION = YES;
				CLANG_WARN_DIRECT_OBJC_ISA_USAGE = YES_ERROR;
				CLANG_WARN_DOCUMENTATION_COMMENTS = YES;
				CLANG_WARN_EMPTY_BODY = YES;
				CLANG_WARN_ENUM_CONVERSION = YES;
				CLANG_WARN_INFINITE_RECURSION = YES;
				CLANG_WARN_INT_CONVERSION = YES;
				CLANG_WARN_OBJC_ROOT_CLASS = YES_ERROR;
				CLANG_WARN_SUSPICIOUS_MOVE = YES;
				CLANG_WARN_UNREACHABLE_CODE = YES;
				CLANG_WARN__DUPLICATE_METHOD_MATCH = YES;
				"CODE_SIGN_IDENTITY[sdk=iphoneos*]" = "iPhone Developer";
				COPY_PHASE_STRIP = NO;
				DEBUG_INFORMATION_FORMAT = dwarf;
				ENABLE_STRICT_OBJC_MSGSEND = YES;
				ENABLE_TESTABILITY = YES;
				GCC_C_LANGUAGE_STANDARD = gnu99;
				GCC_DYNAMIC_NO_PIC = NO;
				GCC_NO_COMMON_BLOCKS = YES;
				GCC_OPTIMIZATION_LEVEL = 0;
				GCC_PREPROCESSOR_DEFINITIONS = (
					"DEBUG=1",
					"$(inherited)",
				);
				GCC_WARN_64_TO_32_BIT_CONVERSION = YES;
				GCC_WARN_ABOUT_RETURN_TYPE = YES_ERROR;
				GCC_WARN_UNDECLARED_SELECTOR = YES;
				GCC_WARN_UNINITIALIZED_AUTOS = YES_AGGRESSIVE;
				GCC_WARN_UNUSED_FUNCTION = YES;
				GCC_WARN_UNUSED_VARIABLE = YES;
				IPHONEOS_DEPLOYMENT_TARGET = 10.3;
				MTL_ENABLE_DEBUG_INFO = YES;
				ONLY_ACTIVE_ARCH = YES;
				SDKROOT = iphoneos;
				SWIFT_ACTIVE_COMPILATION_CONDITIONS = DEBUG;
				SWIFT_OPTIMIZATION_LEVEL = "-Onone";
				TARGETED_DEVICE_FAMILY = "1,2";
			};
			name = Debug;
		};
		FE58DF291ED2B4CC00A9FFB4 /* Release */ = {
			isa = XCBuildConfiguration;
			buildSettings = {
				ALWAYS_SEARCH_USER_PATHS = NO;
				CLANG_ANALYZER_NONNULL = YES;
				CLANG_ANALYZER_NUMBER_OBJECT_CONVERSION = YES_AGGRESSIVE;
				CLANG_CXX_LANGUAGE_STANDARD = "gnu++0x";
				CLANG_CXX_LIBRARY = "libc++";
				CLANG_ENABLE_MODULES = YES;
				CLANG_ENABLE_OBJC_ARC = YES;
				CLANG_WARN_BOOL_CONVERSION = YES;
				CLANG_WARN_CONSTANT_CONVERSION = YES;
				CLANG_WARN_DIRECT_OBJC_ISA_USAGE = YES_ERROR;
				CLANG_WARN_DOCUMENTATION_COMMENTS = YES;
				CLANG_WARN_EMPTY_BODY = YES;
				CLANG_WARN_ENUM_CONVERSION = YES;
				CLANG_WARN_INFINITE_RECURSION = YES;
				CLANG_WARN_INT_CONVERSION = YES;
				CLANG_WARN_OBJC_ROOT_CLASS = YES_ERROR;
				CLANG_WARN_SUSPICIOUS_MOVE = YES;
				CLANG_WARN_UNREACHABLE_CODE = YES;
				CLANG_WARN__DUPLICATE_METHOD_MATCH = YES;
				"CODE_SIGN_IDENTITY[sdk=iphoneos*]" = "iPhone Developer";
				COPY_PHASE_STRIP = NO;
				DEBUG_INFORMATION_FORMAT = "dwarf-with-dsym";
				ENABLE_NS_ASSERTIONS = NO;
				ENABLE_STRICT_OBJC_MSGSEND = YES;
				GCC_C_LANGUAGE_STANDARD = gnu99;
				GCC_NO_COMMON_BLOCKS = YES;
				GCC_WARN_64_TO_32_BIT_CONVERSION = YES;
				GCC_WARN_ABOUT_RETURN_TYPE = YES_ERROR;
				GCC_WARN_UNDECLARED_SELECTOR = YES;
				GCC_WARN_UNINITIALIZED_AUTOS = YES_AGGRESSIVE;
				GCC_WARN_UNUSED_FUNCTION = YES;
				GCC_WARN_UNUSED_VARIABLE = YES;
				IPHONEOS_DEPLOYMENT_TARGET = 10.3;
				MTL_ENABLE_DEBUG_INFO = NO;
				SDKROOT = iphoneos;
				SWIFT_OPTIMIZATION_LEVEL = "-Owholemodule";
				TARGETED_DEVICE_FAMILY = "1,2";
				VALIDATE_PRODUCT = YES;
			};
			name = Release;
		};
		FE58DF2B1ED2B4CC00A9FFB4 /* Debug */ = {
			isa = XCBuildConfiguration;
			buildSettings = {
				ASSETCATALOG_COMPILER_APPICON_NAME = AppIcon;
				INFOPLIST_FILE = Practice0522/Info.plist;
				LD_RUNPATH_SEARCH_PATHS = "$(inherited) @executable_path/Frameworks";
				PRODUCT_BUNDLE_IDENTIFIER = net.blackturtle2.Practice0522;
				PRODUCT_NAME = "$(TARGET_NAME)";
				SWIFT_VERSION = 3.0;
			};
			name = Debug;
		};
		FE58DF2C1ED2B4CC00A9FFB4 /* Release */ = {
			isa = XCBuildConfiguration;
			buildSettings = {
				ASSETCATALOG_COMPILER_APPICON_NAME = AppIcon;
				INFOPLIST_FILE = Practice0522/Info.plist;
				LD_RUNPATH_SEARCH_PATHS = "$(inherited) @executable_path/Frameworks";
				PRODUCT_BUNDLE_IDENTIFIER = net.blackturtle2.Practice0522;
				PRODUCT_NAME = "$(TARGET_NAME)";
				SWIFT_VERSION = 3.0;
			};
			name = Release;
		};
/* End XCBuildConfiguration section */

/* Begin XCConfigurationList section */
		FE58DF131ED2B4CC00A9FFB4 /* Build configuration list for PBXProject "Practice0522" */ = {
			isa = XCConfigurationList;
			buildConfigurations = (
				FE58DF281ED2B4CC00A9FFB4 /* Debug */,
				FE58DF291ED2B4CC00A9FFB4 /* Release */,
			);
			defaultConfigurationIsVisible = 0;
			defaultConfigurationName = Release;
		};
		FE58DF2A1ED2B4CC00A9FFB4 /* Build configuration list for PBXNativeTarget "Practice0522" */ = {
			isa = XCConfigurationList;
			buildConfigurations = (
				FE58DF2B1ED2B4CC00A9FFB4 /* Debug */,
				FE58DF2C1ED2B4CC00A9FFB4 /* Release */,
			);
			defaultConfigurationIsVisible = 0;
		};
/* End XCConfigurationList section */
	};
	rootObject = FE58DF101ED2B4CC00A9FFB4 /* Project object */;
}
