// !$*UTF8*$!
{
	archiveVersion = 1;
	classes = {
	};
	objectVersion = 46;
	objects = {

/* Begin PBXBuildFile section */
		FE38CEDB1EE82FAC00CE0EAF /* MainViewController.swift in Sources */ = {isa = PBXBuildFile; fileRef = FE38CEDA1EE82FAC00CE0EAF /* MainViewController.swift */; };
		FE701D0F1EDD8DB300A6166F /* AppDelegate.swift in Sources */ = {isa = PBXBuildFile; fileRef = FE701D0E1EDD8DB300A6166F /* AppDelegate.swift */; };
		FE701D111EDD8DB300A6166F /* LoginViewController.swift in Sources */ = {isa = PBXBuildFile; fileRef = FE701D101EDD8DB300A6166F /* LoginViewController.swift */; };
		FE701D141EDD8DB300A6166F /* Main.storyboard in Resources */ = {isa = PBXBuildFile; fileRef = FE701D121EDD8DB300A6166F /* Main.storyboard */; };
		FE701D161EDD8DB300A6166F /* Assets.xcassets in Resources */ = {isa = PBXBuildFile; fileRef = FE701D151EDD8DB300A6166F /* Assets.xcassets */; };
		FE701D191EDD8DB300A6166F /* LaunchScreen.storyboard in Resources */ = {isa = PBXBuildFile; fileRef = FE701D171EDD8DB300A6166F /* LaunchScreen.storyboard */; };
		FE701D211EDD8E5E00A6166F /* iu_background_05.jpg in Resources */ = {isa = PBXBuildFile; fileRef = FE701D201EDD8E5E00A6166F /* iu_background_05.jpg */; };
		FE701D231EDE90F300A6166F /* iu_background_01.jpg in Resources */ = {isa = PBXBuildFile; fileRef = FE701D221EDE90F300A6166F /* iu_background_01.jpg */; };
		FE701D251EDE912D00A6166F /* iu_background_03_edit.jpg in Resources */ = {isa = PBXBuildFile; fileRef = FE701D241EDE912D00A6166F /* iu_background_03_edit.jpg */; };
		FE701D271EDE942D00A6166F /* Constants.swift in Sources */ = {isa = PBXBuildFile; fileRef = FE701D261EDE942D00A6166F /* Constants.swift */; };
		FE701D291EDE949D00A6166F /* RegisterViewController.swift in Sources */ = {isa = PBXBuildFile; fileRef = FE701D281EDE949D00A6166F /* RegisterViewController.swift */; };
		FEB9AFB91EDEA84300509459 /* ClienViewController.swift in Sources */ = {isa = PBXBuildFile; fileRef = FEB9AFB81EDEA84300509459 /* ClienViewController.swift */; };
/* End PBXBuildFile section */

/* Begin PBXFileReference section */
		FE38CEDA1EE82FAC00CE0EAF /* MainViewController.swift */ = {isa = PBXFileReference; fileEncoding = 4; lastKnownFileType = sourcecode.swift; path = MainViewController.swift; sourceTree = "<group>"; };
		FE701D0B1EDD8DB300A6166F /* LoginPageProject.app */ = {isa = PBXFileReference; explicitFileType = wrapper.application; includeInIndex = 0; path = LoginPageProject.app; sourceTree = BUILT_PRODUCTS_DIR; };
		FE701D0E1EDD8DB300A6166F /* AppDelegate.swift */ = {isa = PBXFileReference; lastKnownFileType = sourcecode.swift; path = AppDelegate.swift; sourceTree = "<group>"; };
		FE701D101EDD8DB300A6166F /* LoginViewController.swift */ = {isa = PBXFileReference; lastKnownFileType = sourcecode.swift; path = LoginViewController.swift; sourceTree = "<group>"; };
		FE701D131EDD8DB300A6166F /* Base */ = {isa = PBXFileReference; lastKnownFileType = file.storyboard; name = Base; path = Base.lproj/Main.storyboard; sourceTree = "<group>"; };
		FE701D151EDD8DB300A6166F /* Assets.xcassets */ = {isa = PBXFileReference; lastKnownFileType = folder.assetcatalog; path = Assets.xcassets; sourceTree = "<group>"; };
		FE701D181EDD8DB300A6166F /* Base */ = {isa = PBXFileReference; lastKnownFileType = file.storyboard; name = Base; path = Base.lproj/LaunchScreen.storyboard; sourceTree = "<group>"; };
		FE701D1A1EDD8DB300A6166F /* Info.plist */ = {isa = PBXFileReference; lastKnownFileType = text.plist.xml; path = Info.plist; sourceTree = "<group>"; };
		FE701D201EDD8E5E00A6166F /* iu_background_05.jpg */ = {isa = PBXFileReference; lastKnownFileType = image.jpeg; path = iu_background_05.jpg; sourceTree = "<group>"; };
		FE701D221EDE90F300A6166F /* iu_background_01.jpg */ = {isa = PBXFileReference; lastKnownFileType = image.jpeg; path = iu_background_01.jpg; sourceTree = "<group>"; };
		FE701D241EDE912D00A6166F /* iu_background_03_edit.jpg */ = {isa = PBXFileReference; lastKnownFileType = image.jpeg; path = iu_background_03_edit.jpg; sourceTree = "<group>"; };
		FE701D261EDE942D00A6166F /* Constants.swift */ = {isa = PBXFileReference; fileEncoding = 4; lastKnownFileType = sourcecode.swift; path = Constants.swift; sourceTree = "<group>"; };
		FE701D281EDE949D00A6166F /* RegisterViewController.swift */ = {isa = PBXFileReference; fileEncoding = 4; lastKnownFileType = sourcecode.swift; path = RegisterViewController.swift; sourceTree = "<group>"; };
		FEB9AFB81EDEA84300509459 /* ClienViewController.swift */ = {isa = PBXFileReference; fileEncoding = 4; lastKnownFileType = sourcecode.swift; path = ClienViewController.swift; sourceTree = "<group>"; };
/* End PBXFileReference section */

/* Begin PBXFrameworksBuildPhase section */
		FE701D081EDD8DB300A6166F /* Frameworks */ = {
			isa = PBXFrameworksBuildPhase;
			buildActionMask = 2147483647;
			files = (
			);
			runOnlyForDeploymentPostprocessing = 0;
		};
/* End PBXFrameworksBuildPhase section */

/* Begin PBXGroup section */
		FE701D021EDD8DB300A6166F = {
			isa = PBXGroup;
			children = (
				FE701D0D1EDD8DB300A6166F /* LoginPageProject */,
				FE701D0C1EDD8DB300A6166F /* Products */,
			);
			sourceTree = "<group>";
		};
		FE701D0C1EDD8DB300A6166F /* Products */ = {
			isa = PBXGroup;
			children = (
				FE701D0B1EDD8DB300A6166F /* LoginPageProject.app */,
			);
			name = Products;
			sourceTree = "<group>";
		};
		FE701D0D1EDD8DB300A6166F /* LoginPageProject */ = {
			isa = PBXGroup;
			children = (
				FE701D0E1EDD8DB300A6166F /* AppDelegate.swift */,
				FE701D261EDE942D00A6166F /* Constants.swift */,
				FEB9AFB81EDEA84300509459 /* ClienViewController.swift */,
				FE38CEDA1EE82FAC00CE0EAF /* MainViewController.swift */,
				FE701D101EDD8DB300A6166F /* LoginViewController.swift */,
				FE701D281EDE949D00A6166F /* RegisterViewController.swift */,
				FE701D121EDD8DB300A6166F /* Main.storyboard */,
				FE701D151EDD8DB300A6166F /* Assets.xcassets */,
				FE701D171EDD8DB300A6166F /* LaunchScreen.storyboard */,
				FE701D1A1EDD8DB300A6166F /* Info.plist */,
				FE701D221EDE90F300A6166F /* iu_background_01.jpg */,
				FE701D241EDE912D00A6166F /* iu_background_03_edit.jpg */,
				FE701D201EDD8E5E00A6166F /* iu_background_05.jpg */,
			);
			path = LoginPageProject;
			sourceTree = "<group>";
		};
/* End PBXGroup section */

/* Begin PBXNativeTarget section */
		FE701D0A1EDD8DB300A6166F /* LoginPageProject */ = {
			isa = PBXNativeTarget;
			buildConfigurationList = FE701D1D1EDD8DB300A6166F /* Build configuration list for PBXNativeTarget "LoginPageProject" */;
			buildPhases = (
				FE701D071EDD8DB300A6166F /* Sources */,
				FE701D081EDD8DB300A6166F /* Frameworks */,
				FE701D091EDD8DB300A6166F /* Resources */,
			);
			buildRules = (
			);
			dependencies = (
			);
			name = LoginPageProject;
			productName = LoginPageProject;
			productReference = FE701D0B1EDD8DB300A6166F /* LoginPageProject.app */;
			productType = "com.apple.product-type.application";
		};
/* End PBXNativeTarget section */

/* Begin PBXProject section */
		FE701D031EDD8DB300A6166F /* Project object */ = {
			isa = PBXProject;
			attributes = {
				LastSwiftUpdateCheck = 0830;
				LastUpgradeCheck = 0830;
				ORGANIZATIONNAME = leejaesung;
				TargetAttributes = {
					FE701D0A1EDD8DB300A6166F = {
						CreatedOnToolsVersion = 8.3.2;
						ProvisioningStyle = Automatic;
					};
				};
			};
			buildConfigurationList = FE701D061EDD8DB300A6166F /* Build configuration list for PBXProject "LoginPageProject" */;
			compatibilityVersion = "Xcode 3.2";
			developmentRegion = English;
			hasScannedForEncodings = 0;
			knownRegions = (
				en,
				Base,
			);
			mainGroup = FE701D021EDD8DB300A6166F;
			productRefGroup = FE701D0C1EDD8DB300A6166F /* Products */;
			projectDirPath = "";
			projectRoot = "";
			targets = (
				FE701D0A1EDD8DB300A6166F /* LoginPageProject */,
			);
		};
/* End PBXProject section */

/* Begin PBXResourcesBuildPhase section */
		FE701D091EDD8DB300A6166F /* Resources */ = {
			isa = PBXResourcesBuildPhase;
			buildActionMask = 2147483647;
			files = (
				FE701D231EDE90F300A6166F /* iu_background_01.jpg in Resources */,
				FE701D211EDD8E5E00A6166F /* iu_background_05.jpg in Resources */,
				FE701D191EDD8DB300A6166F /* LaunchScreen.storyboard in Resources */,
				FE701D161EDD8DB300A6166F /* Assets.xcassets in Resources */,
				FE701D251EDE912D00A6166F /* iu_background_03_edit.jpg in Resources */,
				FE701D141EDD8DB300A6166F /* Main.storyboard in Resources */,
			);
			runOnlyForDeploymentPostprocessing = 0;
		};
/* End PBXResourcesBuildPhase section */

/* Begin PBXSourcesBuildPhase section */
		FE701D071EDD8DB300A6166F /* Sources */ = {
			isa = PBXSourcesBuildPhase;
			buildActionMask = 2147483647;
			files = (
				FE701D111EDD8DB300A6166F /* LoginViewController.swift in Sources */,
				FE701D0F1EDD8DB300A6166F /* AppDelegate.swift in Sources */,
				FE701D271EDE942D00A6166F /* Constants.swift in Sources */,
				FE38CEDB1EE82FAC00CE0EAF /* MainViewController.swift in Sources */,
				FE701D291EDE949D00A6166F /* RegisterViewController.swift in Sources */,
				FEB9AFB91EDEA84300509459 /* ClienViewController.swift in Sources */,
			);
			runOnlyForDeploymentPostprocessing = 0;
		};
/* End PBXSourcesBuildPhase section */

/* Begin PBXVariantGroup section */
		FE701D121EDD8DB300A6166F /* Main.storyboard */ = {
			isa = PBXVariantGroup;
			children = (
				FE701D131EDD8DB300A6166F /* Base */,
			);
			name = Main.storyboard;
			sourceTree = "<group>";
		};
		FE701D171EDD8DB300A6166F /* LaunchScreen.storyboard */ = {
			isa = PBXVariantGroup;
			children = (
				FE701D181EDD8DB300A6166F /* Base */,
			);
			name = LaunchScreen.storyboard;
			sourceTree = "<group>";
		};
/* End PBXVariantGroup section */

/* Begin XCBuildConfiguration section */
		FE701D1B1EDD8DB300A6166F /* Debug */ = {
			isa = XCBuildConfiguration;
			buildSettings = {
				ALWAYS_SEARCH_USER_PATHS = NO;
				CLANG_ANALYZER_NONNULL = YES;
				CLANG_ANALYZER_NUMBER_OBJECT_CONVERSION = YES_AGGRESSIVE;
				CLANG_CXX_LANGUAGE_STANDARD = "gnu++0x";
				CLANG_CXX_LIBRARY = "libc++";
				CLANG_ENABLE_MODULES = YES;
				CLANG_ENABLE_OBJC_ARC = YES;
				CLANG_WARN_BOOL_CONVERSION = YES;
				CLANG_WARN_CONSTANT_CONVERSION = YES;
				CLANG_WARN_DIRECT_OBJC_ISA_USAGE = YES_ERROR;
				CLANG_WARN_DOCUMENTATION_COMMENTS = YES;
				CLANG_WARN_EMPTY_BODY = YES;
				CLANG_WARN_ENUM_CONVERSION = YES;
				CLANG_WARN_INFINITE_RECURSION = YES;
				CLANG_WARN_INT_CONVERSION = YES;
				CLANG_WARN_OBJC_ROOT_CLASS = YES_ERROR;
				CLANG_WARN_SUSPICIOUS_MOVE = YES;
				CLANG_WARN_UNREACHABLE_CODE = YES;
				CLANG_WARN__DUPLICATE_METHOD_MATCH = YES;
				"CODE_SIGN_IDENTITY[sdk=iphoneos*]" = "iPhone Developer";
				COPY_PHASE_STRIP = NO;
				DEBUG_INFORMATION_FORMAT = dwarf;
				ENABLE_STRICT_OBJC_MSGSEND = YES;
				ENABLE_TESTABILITY = YES;
				GCC_C_LANGUAGE_STANDARD = gnu99;
				GCC_DYNAMIC_NO_PIC = NO;
				GCC_NO_COMMON_BLOCKS = YES;
				GCC_OPTIMIZATION_LEVEL = 0;
				GCC_PREPROCESSOR_DEFINITIONS = (
					"DEBUG=1",
					"$(inherited)",
				);
				GCC_WARN_64_TO_32_BIT_CONVERSION = YES;
				GCC_WARN_ABOUT_RETURN_TYPE = YES_ERROR;
				GCC_WARN_UNDECLARED_SELECTOR = YES;
				GCC_WARN_UNINITIALIZED_AUTOS = YES_AGGRESSIVE;
				GCC_WARN_UNUSED_FUNCTION = YES;
				GCC_WARN_UNUSED_VARIABLE = YES;
				IPHONEOS_DEPLOYMENT_TARGET = 10.3;
				MTL_ENABLE_DEBUG_INFO = YES;
				ONLY_ACTIVE_ARCH = YES;
				SDKROOT = iphoneos;
				SWIFT_ACTIVE_COMPILATION_CONDITIONS = DEBUG;
				SWIFT_OPTIMIZATION_LEVEL = "-Onone";
				TARGETED_DEVICE_FAMILY = "1,2";
			};
			name = Debug;
		};
		FE701D1C1EDD8DB300A6166F /* Release */ = {
			isa = XCBuildConfiguration;
			buildSettings = {
				ALWAYS_SEARCH_USER_PATHS = NO;
				CLANG_ANALYZER_NONNULL = YES;
				CLANG_ANALYZER_NUMBER_OBJECT_CONVERSION = YES_AGGRESSIVE;
				CLANG_CXX_LANGUAGE_STANDARD = "gnu++0x";
				CLANG_CXX_LIBRARY = "libc++";
				CLANG_ENABLE_MODULES = YES;
				CLANG_ENABLE_OBJC_ARC = YES;
				CLANG_WARN_BOOL_CONVERSION = YES;
				CLANG_WARN_CONSTANT_CONVERSION = YES;
				CLANG_WARN_DIRECT_OBJC_ISA_USAGE = YES_ERROR;
				CLANG_WARN_DOCUMENTATION_COMMENTS = YES;
				CLANG_WARN_EMPTY_BODY = YES;
				CLANG_WARN_ENUM_CONVERSION = YES;
				CLANG_WARN_INFINITE_RECURSION = YES;
				CLANG_WARN_INT_CONVERSION = YES;
				CLANG_WARN_OBJC_ROOT_CLASS = YES_ERROR;
				CLANG_WARN_SUSPICIOUS_MOVE = YES;
				CLANG_WARN_UNREACHABLE_CODE = YES;
				CLANG_WARN__DUPLICATE_METHOD_MATCH = YES;
				"CODE_SIGN_IDENTITY[sdk=iphoneos*]" = "iPhone Developer";
				COPY_PHASE_STRIP = NO;
				DEBUG_INFORMATION_FORMAT = "dwarf-with-dsym";
				ENABLE_NS_ASSERTIONS = NO;
				ENABLE_STRICT_OBJC_MSGSEND = YES;
				GCC_C_LANGUAGE_STANDARD = gnu99;
				GCC_NO_COMMON_BLOCKS = YES;
				GCC_WARN_64_TO_32_BIT_CONVERSION = YES;
				GCC_WARN_ABOUT_RETURN_TYPE = YES_ERROR;
				GCC_WARN_UNDECLARED_SELECTOR = YES;
				GCC_WARN_UNINITIALIZED_AUTOS = YES_AGGRESSIVE;
				GCC_WARN_UNUSED_FUNCTION = YES;
				GCC_WARN_UNUSED_VARIABLE = YES;
				IPHONEOS_DEPLOYMENT_TARGET = 10.3;
				MTL_ENABLE_DEBUG_INFO = NO;
				SDKROOT = iphoneos;
				SWIFT_OPTIMIZATION_LEVEL = "-Owholemodule";
				TARGETED_DEVICE_FAMILY = "1,2";
				VALIDATE_PRODUCT = YES;
			};
			name = Release;
		};
		FE701D1E1EDD8DB300A6166F /* Debug */ = {
			isa = XCBuildConfiguration;
			buildSettings = {
				ASSETCATALOG_COMPILER_APPICON_NAME = AppIcon;
				INFOPLIST_FILE = LoginPageProject/Info.plist;
				LD_RUNPATH_SEARCH_PATHS = "$(inherited) @executable_path/Frameworks";
				PRODUCT_BUNDLE_IDENTIFIER = net.blackturtle2.LoginPageProject;
				PRODUCT_NAME = "$(TARGET_NAME)";
				SWIFT_VERSION = 3.0;
			};
			name = Debug;
		};
		FE701D1F1EDD8DB300A6166F /* Release */ = {
			isa = XCBuildConfiguration;
			buildSettings = {
				ASSETCATALOG_COMPILER_APPICON_NAME = AppIcon;
				INFOPLIST_FILE = LoginPageProject/Info.plist;
				LD_RUNPATH_SEARCH_PATHS = "$(inherited) @executable_path/Frameworks";
				PRODUCT_BUNDLE_IDENTIFIER = net.blackturtle2.LoginPageProject;
				PRODUCT_NAME = "$(TARGET_NAME)";
				SWIFT_VERSION = 3.0;
			};
			name = Release;
		};
/* End XCBuildConfiguration section */

/* Begin XCConfigurationList section */
		FE701D061EDD8DB300A6166F /* Build configuration list for PBXProject "LoginPageProject" */ = {
			isa = XCConfigurationList;
			buildConfigurations = (
				FE701D1B1EDD8DB300A6166F /* Debug */,
				FE701D1C1EDD8DB300A6166F /* Release */,
			);
			defaultConfigurationIsVisible = 0;
			defaultConfigurationName = Release;
		};
		FE701D1D1EDD8DB300A6166F /* Build configuration list for PBXNativeTarget "LoginPageProject" */ = {
			isa = XCConfigurationList;
			buildConfigurations = (
				FE701D1E1EDD8DB300A6166F /* Debug */,
				FE701D1F1EDD8DB300A6166F /* Release */,
			);
			defaultConfigurationIsVisible = 0;
			defaultConfigurationName = Release;
		};
/* End XCConfigurationList section */
	};
	rootObject = FE701D031EDD8DB300A6166F /* Project object */;
}
