// !$*UTF8*$!
{
	archiveVersion = 1;
	classes = {
	};
	objectVersion = 46;
	objects = {

/* Begin PBXBuildFile section */
		FE701C9D1EDD061500A6166F /* AppDelegate.swift in Sources */ = {isa = PBXBuildFile; fileRef = FE701C9C1EDD061500A6166F /* AppDelegate.swift */; };
		FE701C9F1EDD061500A6166F /* ViewController.swift in Sources */ = {isa = PBXBuildFile; fileRef = FE701C9E1EDD061500A6166F /* ViewController.swift */; };
		FE701CA21EDD061500A6166F /* Main.storyboard in Resources */ = {isa = PBXBuildFile; fileRef = FE701CA01EDD061500A6166F /* Main.storyboard */; };
		FE701CA41EDD061500A6166F /* Assets.xcassets in Resources */ = {isa = PBXBuildFile; fileRef = FE701CA31EDD061500A6166F /* Assets.xcassets */; };
		FE701CA71EDD061500A6166F /* LaunchScreen.storyboard in Resources */ = {isa = PBXBuildFile; fileRef = FE701CA51EDD061500A6166F /* LaunchScreen.storyboard */; };
		FE701CB11EDD074900A6166F /* legend_iu_01.jpeg in Resources */ = {isa = PBXBuildFile; fileRef = FE701CAE1EDD074900A6166F /* legend_iu_01.jpeg */; };
		FE701CB21EDD074900A6166F /* legend_iu_02.jpeg in Resources */ = {isa = PBXBuildFile; fileRef = FE701CAF1EDD074900A6166F /* legend_iu_02.jpeg */; };
		FE701CB31EDD074900A6166F /* legend_iu_03.jpeg in Resources */ = {isa = PBXBuildFile; fileRef = FE701CB01EDD074900A6166F /* legend_iu_03.jpeg */; };
		FE701CB51EDD0BCF00A6166F /* vx8ot7o6h.gif in Resources */ = {isa = PBXBuildFile; fileRef = FE701CB41EDD0BCF00A6166F /* vx8ot7o6h.gif */; };
		FE701CB71EDD0C3700A6166F /* vxgg382j1.jpg in Resources */ = {isa = PBXBuildFile; fileRef = FE701CB61EDD0C3700A6166F /* vxgg382j1.jpg */; };
/* End PBXBuildFile section */

/* Begin PBXFileReference section */
		FE701C991EDD061500A6166F /* Practice0530_ScrollView.app */ = {isa = PBXFileReference; explicitFileType = wrapper.application; includeInIndex = 0; path = Practice0530_ScrollView.app; sourceTree = BUILT_PRODUCTS_DIR; };
		FE701C9C1EDD061500A6166F /* AppDelegate.swift */ = {isa = PBXFileReference; lastKnownFileType = sourcecode.swift; path = AppDelegate.swift; sourceTree = "<group>"; };
		FE701C9E1EDD061500A6166F /* ViewController.swift */ = {isa = PBXFileReference; lastKnownFileType = sourcecode.swift; path = ViewController.swift; sourceTree = "<group>"; };
		FE701CA11EDD061500A6166F /* Base */ = {isa = PBXFileReference; lastKnownFileType = file.storyboard; name = Base; path = Base.lproj/Main.storyboard; sourceTree = "<group>"; };
		FE701CA31EDD061500A6166F /* Assets.xcassets */ = {isa = PBXFileReference; lastKnownFileType = folder.assetcatalog; path = Assets.xcassets; sourceTree = "<group>"; };
		FE701CA61EDD061500A6166F /* Base */ = {isa = PBXFileReference; lastKnownFileType = file.storyboard; name = Base; path = Base.lproj/LaunchScreen.storyboard; sourceTree = "<group>"; };
		FE701CA81EDD061500A6166F /* Info.plist */ = {isa = PBXFileReference; lastKnownFileType = text.plist.xml; path = Info.plist; sourceTree = "<group>"; };
		FE701CAE1EDD074900A6166F /* legend_iu_01.jpeg */ = {isa = PBXFileReference; lastKnownFileType = image.jpeg; path = legend_iu_01.jpeg; sourceTree = "<group>"; };
		FE701CAF1EDD074900A6166F /* legend_iu_02.jpeg */ = {isa = PBXFileReference; lastKnownFileType = image.jpeg; path = legend_iu_02.jpeg; sourceTree = "<group>"; };
		FE701CB01EDD074900A6166F /* legend_iu_03.jpeg */ = {isa = PBXFileReference; lastKnownFileType = image.jpeg; path = legend_iu_03.jpeg; sourceTree = "<group>"; };
		FE701CB41EDD0BCF00A6166F /* vx8ot7o6h.gif */ = {isa = PBXFileReference; lastKnownFileType = image.gif; path = vx8ot7o6h.gif; sourceTree = "<group>"; };
		FE701CB61EDD0C3700A6166F /* vxgg382j1.jpg */ = {isa = PBXFileReference; lastKnownFileType = image.jpeg; path = vxgg382j1.jpg; sourceTree = "<group>"; };
/* End PBXFileReference section */

/* Begin PBXFrameworksBuildPhase section */
		FE701C961EDD061500A6166F /* Frameworks */ = {
			isa = PBXFrameworksBuildPhase;
			buildActionMask = 2147483647;
			files = (
			);
			runOnlyForDeploymentPostprocessing = 0;
		};
/* End PBXFrameworksBuildPhase section */

/* Begin PBXGroup section */
		FE701C901EDD061500A6166F = {
			isa = PBXGroup;
			children = (
				FE701C9B1EDD061500A6166F /* Practice0530_ScrollView */,
				FE701C9A1EDD061500A6166F /* Products */,
			);
			sourceTree = "<group>";
		};
		FE701C9A1EDD061500A6166F /* Products */ = {
			isa = PBXGroup;
			children = (
				FE701C991EDD061500A6166F /* Practice0530_ScrollView.app */,
			);
			name = Products;
			sourceTree = "<group>";
		};
		FE701C9B1EDD061500A6166F /* Practice0530_ScrollView */ = {
			isa = PBXGroup;
			children = (
				FE701C9C1EDD061500A6166F /* AppDelegate.swift */,
				FE701C9E1EDD061500A6166F /* ViewController.swift */,
				FE701CA01EDD061500A6166F /* Main.storyboard */,
				FE701CA31EDD061500A6166F /* Assets.xcassets */,
				FE701CA51EDD061500A6166F /* LaunchScreen.storyboard */,
				FE701CA81EDD061500A6166F /* Info.plist */,
				FE701CAE1EDD074900A6166F /* legend_iu_01.jpeg */,
				FE701CAF1EDD074900A6166F /* legend_iu_02.jpeg */,
				FE701CB01EDD074900A6166F /* legend_iu_03.jpeg */,
				FE701CB41EDD0BCF00A6166F /* vx8ot7o6h.gif */,
				FE701CB61EDD0C3700A6166F /* vxgg382j1.jpg */,
			);
			path = Practice0530_ScrollView;
			sourceTree = "<group>";
		};
/* End PBXGroup section */

/* Begin PBXNativeTarget section */
		FE701C981EDD061500A6166F /* Practice0530_ScrollView */ = {
			isa = PBXNativeTarget;
			buildConfigurationList = FE701CAB1EDD061500A6166F /* Build configuration list for PBXNativeTarget "Practice0530_ScrollView" */;
			buildPhases = (
				FE701C951EDD061500A6166F /* Sources */,
				FE701C961EDD061500A6166F /* Frameworks */,
				FE701C971EDD061500A6166F /* Resources */,
			);
			buildRules = (
			);
			dependencies = (
			);
			name = Practice0530_ScrollView;
			productName = Practice0530_ScrollView;
			productReference = FE701C991EDD061500A6166F /* Practice0530_ScrollView.app */;
			productType = "com.apple.product-type.application";
		};
/* End PBXNativeTarget section */

/* Begin PBXProject section */
		FE701C911EDD061500A6166F /* Project object */ = {
			isa = PBXProject;
			attributes = {
				LastSwiftUpdateCheck = 0830;
				LastUpgradeCheck = 0830;
				ORGANIZATIONNAME = leejaesung;
				TargetAttributes = {
					FE701C981EDD061500A6166F = {
						CreatedOnToolsVersion = 8.3.2;
						ProvisioningStyle = Automatic;
					};
				};
			};
			buildConfigurationList = FE701C941EDD061500A6166F /* Build configuration list for PBXProject "Practice0530_ScrollView" */;
			compatibilityVersion = "Xcode 3.2";
			developmentRegion = English;
			hasScannedForEncodings = 0;
			knownRegions = (
				en,
				Base,
			);
			mainGroup = FE701C901EDD061500A6166F;
			productRefGroup = FE701C9A1EDD061500A6166F /* Products */;
			projectDirPath = "";
			projectRoot = "";
			targets = (
				FE701C981EDD061500A6166F /* Practice0530_ScrollView */,
			);
		};
/* End PBXProject section */

/* Begin PBXResourcesBuildPhase section */
		FE701C971EDD061500A6166F /* Resources */ = {
			isa = PBXResourcesBuildPhase;
			buildActionMask = 2147483647;
			files = (
				FE701CB71EDD0C3700A6166F /* vxgg382j1.jpg in Resources */,
				FE701CA71EDD061500A6166F /* LaunchScreen.storyboard in Resources */,
				FE701CB21EDD074900A6166F /* legend_iu_02.jpeg in Resources */,
				FE701CB11EDD074900A6166F /* legend_iu_01.jpeg in Resources */,
				FE701CA41EDD061500A6166F /* Assets.xcassets in Resources */,
				FE701CA21EDD061500A6166F /* Main.storyboard in Resources */,
				FE701CB51EDD0BCF00A6166F /* vx8ot7o6h.gif in Resources */,
				FE701CB31EDD074900A6166F /* legend_iu_03.jpeg in Resources */,
			);
			runOnlyForDeploymentPostprocessing = 0;
		};
/* End PBXResourcesBuildPhase section */

/* Begin PBXSourcesBuildPhase section */
		FE701C951EDD061500A6166F /* Sources */ = {
			isa = PBXSourcesBuildPhase;
			buildActionMask = 2147483647;
			files = (
				FE701C9F1EDD061500A6166F /* ViewController.swift in Sources */,
				FE701C9D1EDD061500A6166F /* AppDelegate.swift in Sources */,
			);
			runOnlyForDeploymentPostprocessing = 0;
		};
/* End PBXSourcesBuildPhase section */

/* Begin PBXVariantGroup section */
		FE701CA01EDD061500A6166F /* Main.storyboard */ = {
			isa = PBXVariantGroup;
			children = (
				FE701CA11EDD061500A6166F /* Base */,
			);
			name = Main.storyboard;
			sourceTree = "<group>";
		};
		FE701CA51EDD061500A6166F /* LaunchScreen.storyboard */ = {
			isa = PBXVariantGroup;
			children = (
				FE701CA61EDD061500A6166F /* Base */,
			);
			name = LaunchScreen.storyboard;
			sourceTree = "<group>";
		};
/* End PBXVariantGroup section */

/* Begin XCBuildConfiguration section */
		FE701CA91EDD061500A6166F /* Debug */ = {
			isa = XCBuildConfiguration;
			buildSettings = {
				ALWAYS_SEARCH_USER_PATHS = NO;
				CLANG_ANALYZER_NONNULL = YES;
				CLANG_ANALYZER_NUMBER_OBJECT_CONVERSION = YES_AGGRESSIVE;
				CLANG_CXX_LANGUAGE_STANDARD = "gnu++0x";
				CLANG_CXX_LIBRARY = "libc++";
				CLANG_ENABLE_MODULES = YES;
				CLANG_ENABLE_OBJC_ARC = YES;
				CLANG_WARN_BOOL_CONVERSION = YES;
				CLANG_WARN_CONSTANT_CONVERSION = YES;
				CLANG_WARN_DIRECT_OBJC_ISA_USAGE = YES_ERROR;
				CLANG_WARN_DOCUMENTATION_COMMENTS = YES;
				CLANG_WARN_EMPTY_BODY = YES;
				CLANG_WARN_ENUM_CONVERSION = YES;
				CLANG_WARN_INFINITE_RECURSION = YES;
				CLANG_WARN_INT_CONVERSION = YES;
				CLANG_WARN_OBJC_ROOT_CLASS = YES_ERROR;
				CLANG_WARN_SUSPICIOUS_MOVE = YES;
				CLANG_WARN_UNREACHABLE_CODE = YES;
				CLANG_WARN__DUPLICATE_METHOD_MATCH = YES;
				"CODE_SIGN_IDENTITY[sdk=iphoneos*]" = "iPhone Developer";
				COPY_PHASE_STRIP = NO;
				DEBUG_INFORMATION_FORMAT = dwarf;
				ENABLE_STRICT_OBJC_MSGSEND = YES;
				ENABLE_TESTABILITY = YES;
				GCC_C_LANGUAGE_STANDARD = gnu99;
				GCC_DYNAMIC_NO_PIC = NO;
				GCC_NO_COMMON_BLOCKS = YES;
				GCC_OPTIMIZATION_LEVEL = 0;
				GCC_PREPROCESSOR_DEFINITIONS = (
					"DEBUG=1",
					"$(inherited)",
				);
				GCC_WARN_64_TO_32_BIT_CONVERSION = YES;
				GCC_WARN_ABOUT_RETURN_TYPE = YES_ERROR;
				GCC_WARN_UNDECLARED_SELECTOR = YES;
				GCC_WARN_UNINITIALIZED_AUTOS = YES_AGGRESSIVE;
				GCC_WARN_UNUSED_FUNCTION = YES;
				GCC_WARN_UNUSED_VARIABLE = YES;
				IPHONEOS_DEPLOYMENT_TARGET = 10.3;
				MTL_ENABLE_DEBUG_INFO = YES;
				ONLY_ACTIVE_ARCH = YES;
				SDKROOT = iphoneos;
				SWIFT_ACTIVE_COMPILATION_CONDITIONS = DEBUG;
				SWIFT_OPTIMIZATION_LEVEL = "-Onone";
				TARGETED_DEVICE_FAMILY = "1,2";
			};
			name = Debug;
		};
		FE701CAA1EDD061500A6166F /* Release */ = {
			isa = XCBuildConfiguration;
			buildSettings = {
				ALWAYS_SEARCH_USER_PATHS = NO;
				CLANG_ANALYZER_NONNULL = YES;
				CLANG_ANALYZER_NUMBER_OBJECT_CONVERSION = YES_AGGRESSIVE;
				CLANG_CXX_LANGUAGE_STANDARD = "gnu++0x";
				CLANG_CXX_LIBRARY = "libc++";
				CLANG_ENABLE_MODULES = YES;
				CLANG_ENABLE_OBJC_ARC = YES;
				CLANG_WARN_BOOL_CONVERSION = YES;
				CLANG_WARN_CONSTANT_CONVERSION = YES;
				CLANG_WARN_DIRECT_OBJC_ISA_USAGE = YES_ERROR;
				CLANG_WARN_DOCUMENTATION_COMMENTS = YES;
				CLANG_WARN_EMPTY_BODY = YES;
				CLANG_WARN_ENUM_CONVERSION = YES;
				CLANG_WARN_INFINITE_RECURSION = YES;
				CLANG_WARN_INT_CONVERSION = YES;
				CLANG_WARN_OBJC_ROOT_CLASS = YES_ERROR;
				CLANG_WARN_SUSPICIOUS_MOVE = YES;
				CLANG_WARN_UNREACHABLE_CODE = YES;
				CLANG_WARN__DUPLICATE_METHOD_MATCH = YES;
				"CODE_SIGN_IDENTITY[sdk=iphoneos*]" = "iPhone Developer";
				COPY_PHASE_STRIP = NO;
				DEBUG_INFORMATION_FORMAT = "dwarf-with-dsym";
				ENABLE_NS_ASSERTIONS = NO;
				ENABLE_STRICT_OBJC_MSGSEND = YES;
				GCC_C_LANGUAGE_STANDARD = gnu99;
				GCC_NO_COMMON_BLOCKS = YES;
				GCC_WARN_64_TO_32_BIT_CONVERSION = YES;
				GCC_WARN_ABOUT_RETURN_TYPE = YES_ERROR;
				GCC_WARN_UNDECLARED_SELECTOR = YES;
				GCC_WARN_UNINITIALIZED_AUTOS = YES_AGGRESSIVE;
				GCC_WARN_UNUSED_FUNCTION = YES;
				GCC_WARN_UNUSED_VARIABLE = YES;
				IPHONEOS_DEPLOYMENT_TARGET = 10.3;
				MTL_ENABLE_DEBUG_INFO = NO;
				SDKROOT = iphoneos;
				SWIFT_OPTIMIZATION_LEVEL = "-Owholemodule";
				TARGETED_DEVICE_FAMILY = "1,2";
				VALIDATE_PRODUCT = YES;
			};
			name = Release;
		};
		FE701CAC1EDD061500A6166F /* Debug */ = {
			isa = XCBuildConfiguration;
			buildSettings = {
				ASSETCATALOG_COMPILER_APPICON_NAME = AppIcon;
				INFOPLIST_FILE = Practice0530_ScrollView/Info.plist;
				LD_RUNPATH_SEARCH_PATHS = "$(inherited) @executable_path/Frameworks";
				PRODUCT_BUNDLE_IDENTIFIER = "net.blackturtle2.Practice0530-ScrollView";
				PRODUCT_NAME = "$(TARGET_NAME)";
				SWIFT_VERSION = 3.0;
			};
			name = Debug;
		};
		FE701CAD1EDD061500A6166F /* Release */ = {
			isa = XCBuildConfiguration;
			buildSettings = {
				ASSETCATALOG_COMPILER_APPICON_NAME = AppIcon;
				INFOPLIST_FILE = Practice0530_ScrollView/Info.plist;
				LD_RUNPATH_SEARCH_PATHS = "$(inherited) @executable_path/Frameworks";
				PRODUCT_BUNDLE_IDENTIFIER = "net.blackturtle2.Practice0530-ScrollView";
				PRODUCT_NAME = "$(TARGET_NAME)";
				SWIFT_VERSION = 3.0;
			};
			name = Release;
		};
/* End XCBuildConfiguration section */

/* Begin XCConfigurationList section */
		FE701C941EDD061500A6166F /* Build configuration list for PBXProject "Practice0530_ScrollView" */ = {
			isa = XCConfigurationList;
			buildConfigurations = (
				FE701CA91EDD061500A6166F /* Debug */,
				FE701CAA1EDD061500A6166F /* Release */,
			);
			defaultConfigurationIsVisible = 0;
			defaultConfigurationName = Release;
		};
		FE701CAB1EDD061500A6166F /* Build configuration list for PBXNativeTarget "Practice0530_ScrollView" */ = {
			isa = XCConfigurationList;
			buildConfigurations = (
				FE701CAC1EDD061500A6166F /* Debug */,
				FE701CAD1EDD061500A6166F /* Release */,
			);
			defaultConfigurationIsVisible = 0;
		};
/* End XCConfigurationList section */
	};
	rootObject = FE701C911EDD061500A6166F /* Project object */;
}
