// !$*UTF8*$!
{
	archiveVersion = 1;
	classes = {
	};
	objectVersion = 46;
	objects = {

/* Begin PBXBuildFile section */
		FE5C4D6F1EEFE3E800E43EC7 /* AppDelegate.swift in Sources */ = {isa = PBXBuildFile; fileRef = FE5C4D6E1EEFE3E800E43EC7 /* AppDelegate.swift */; };
		FE5C4D711EEFE3E800E43EC7 /* ViewController.swift in Sources */ = {isa = PBXBuildFile; fileRef = FE5C4D701EEFE3E800E43EC7 /* ViewController.swift */; };
		FE5C4D741EEFE3E800E43EC7 /* Main.storyboard in Resources */ = {isa = PBXBuildFile; fileRef = FE5C4D721EEFE3E800E43EC7 /* Main.storyboard */; };
		FE5C4D761EEFE3E800E43EC7 /* Assets.xcassets in Resources */ = {isa = PBXBuildFile; fileRef = FE5C4D751EEFE3E800E43EC7 /* Assets.xcassets */; };
		FE5C4D791EEFE3E800E43EC7 /* LaunchScreen.storyboard in Resources */ = {isa = PBXBuildFile; fileRef = FE5C4D771EEFE3E800E43EC7 /* LaunchScreen.storyboard */; };
/* End PBXBuildFile section */

/* Begin PBXFileReference section */
		FE5C4D6B1EEFE3E800E43EC7 /* Practice0613_TableView.app */ = {isa = PBXFileReference; explicitFileType = wrapper.application; includeInIndex = 0; path = Practice0613_TableView.app; sourceTree = BUILT_PRODUCTS_DIR; };
		FE5C4D6E1EEFE3E800E43EC7 /* AppDelegate.swift */ = {isa = PBXFileReference; lastKnownFileType = sourcecode.swift; path = AppDelegate.swift; sourceTree = "<group>"; };
		FE5C4D701EEFE3E800E43EC7 /* ViewController.swift */ = {isa = PBXFileReference; lastKnownFileType = sourcecode.swift; path = ViewController.swift; sourceTree = "<group>"; };
		FE5C4D731EEFE3E800E43EC7 /* Base */ = {isa = PBXFileReference; lastKnownFileType = file.storyboard; name = Base; path = Base.lproj/Main.storyboard; sourceTree = "<group>"; };
		FE5C4D751EEFE3E800E43EC7 /* Assets.xcassets */ = {isa = PBXFileReference; lastKnownFileType = folder.assetcatalog; path = Assets.xcassets; sourceTree = "<group>"; };
		FE5C4D781EEFE3E800E43EC7 /* Base */ = {isa = PBXFileReference; lastKnownFileType = file.storyboard; name = Base; path = Base.lproj/LaunchScreen.storyboard; sourceTree = "<group>"; };
		FE5C4D7A1EEFE3E800E43EC7 /* Info.plist */ = {isa = PBXFileReference; lastKnownFileType = text.plist.xml; path = Info.plist; sourceTree = "<group>"; };
/* End PBXFileReference section */

/* Begin PBXFrameworksBuildPhase section */
		FE5C4D681EEFE3E800E43EC7 /* Frameworks */ = {
			isa = PBXFrameworksBuildPhase;
			buildActionMask = 2147483647;
			files = (
			);
			runOnlyForDeploymentPostprocessing = 0;
		};
/* End PBXFrameworksBuildPhase section */

/* Begin PBXGroup section */
		FE5C4D621EEFE3E800E43EC7 = {
			isa = PBXGroup;
			children = (
				FE5C4D6D1EEFE3E800E43EC7 /* Practice0613_TableView */,
				FE5C4D6C1EEFE3E800E43EC7 /* Products */,
			);
			sourceTree = "<group>";
		};
		FE5C4D6C1EEFE3E800E43EC7 /* Products */ = {
			isa = PBXGroup;
			children = (
				FE5C4D6B1EEFE3E800E43EC7 /* Practice0613_TableView.app */,
			);
			name = Products;
			sourceTree = "<group>";
		};
		FE5C4D6D1EEFE3E800E43EC7 /* Practice0613_TableView */ = {
			isa = PBXGroup;
			children = (
				FE5C4D6E1EEFE3E800E43EC7 /* AppDelegate.swift */,
				FE5C4D701EEFE3E800E43EC7 /* ViewController.swift */,
				FE5C4D721EEFE3E800E43EC7 /* Main.storyboard */,
				FE5C4D751EEFE3E800E43EC7 /* Assets.xcassets */,
				FE5C4D771EEFE3E800E43EC7 /* LaunchScreen.storyboard */,
				FE5C4D7A1EEFE3E800E43EC7 /* Info.plist */,
			);
			path = Practice0613_TableView;
			sourceTree = "<group>";
		};
/* End PBXGroup section */

/* Begin PBXNativeTarget section */
		FE5C4D6A1EEFE3E800E43EC7 /* Practice0613_TableView */ = {
			isa = PBXNativeTarget;
			buildConfigurationList = FE5C4D7D1EEFE3E800E43EC7 /* Build configuration list for PBXNativeTarget "Practice0613_TableView" */;
			buildPhases = (
				FE5C4D671EEFE3E800E43EC7 /* Sources */,
				FE5C4D681EEFE3E800E43EC7 /* Frameworks */,
				FE5C4D691EEFE3E800E43EC7 /* Resources */,
			);
			buildRules = (
			);
			dependencies = (
			);
			name = Practice0613_TableView;
			productName = Practice0613_TableView;
			productReference = FE5C4D6B1EEFE3E800E43EC7 /* Practice0613_TableView.app */;
			productType = "com.apple.product-type.application";
		};
/* End PBXNativeTarget section */

/* Begin PBXProject section */
		FE5C4D631EEFE3E800E43EC7 /* Project object */ = {
			isa = PBXProject;
			attributes = {
				LastSwiftUpdateCheck = 0830;
				LastUpgradeCheck = 0830;
				ORGANIZATIONNAME = leejaesung;
				TargetAttributes = {
					FE5C4D6A1EEFE3E800E43EC7 = {
						CreatedOnToolsVersion = 8.3.2;
						ProvisioningStyle = Automatic;
					};
				};
			};
			buildConfigurationList = FE5C4D661EEFE3E800E43EC7 /* Build configuration list for PBXProject "Practice0613_TableView" */;
			compatibilityVersion = "Xcode 3.2";
			developmentRegion = English;
			hasScannedForEncodings = 0;
			knownRegions = (
				en,
				Base,
			);
			mainGroup = FE5C4D621EEFE3E800E43EC7;
			productRefGroup = FE5C4D6C1EEFE3E800E43EC7 /* Products */;
			projectDirPath = "";
			projectRoot = "";
			targets = (
				FE5C4D6A1EEFE3E800E43EC7 /* Practice0613_TableView */,
			);
		};
/* End PBXProject section */

/* Begin PBXResourcesBuildPhase section */
		FE5C4D691EEFE3E800E43EC7 /* Resources */ = {
			isa = PBXResourcesBuildPhase;
			buildActionMask = 2147483647;
			files = (
				FE5C4D791EEFE3E800E43EC7 /* LaunchScreen.storyboard in Resources */,
				FE5C4D761EEFE3E800E43EC7 /* Assets.xcassets in Resources */,
				FE5C4D741EEFE3E800E43EC7 /* Main.storyboard in Resources */,
			);
			runOnlyForDeploymentPostprocessing = 0;
		};
/* End PBXResourcesBuildPhase section */

/* Begin PBXSourcesBuildPhase section */
		FE5C4D671EEFE3E800E43EC7 /* Sources */ = {
			isa = PBXSourcesBuildPhase;
			buildActionMask = 2147483647;
			files = (
				FE5C4D711EEFE3E800E43EC7 /* ViewController.swift in Sources */,
				FE5C4D6F1EEFE3E800E43EC7 /* AppDelegate.swift in Sources */,
			);
			runOnlyForDeploymentPostprocessing = 0;
		};
/* End PBXSourcesBuildPhase section */

/* Begin PBXVariantGroup section */
		FE5C4D721EEFE3E800E43EC7 /* Main.storyboard */ = {
			isa = PBXVariantGroup;
			children = (
				FE5C4D731EEFE3E800E43EC7 /* Base */,
			);
			name = Main.storyboard;
			sourceTree = "<group>";
		};
		FE5C4D771EEFE3E800E43EC7 /* LaunchScreen.storyboard */ = {
			isa = PBXVariantGroup;
			children = (
				FE5C4D781EEFE3E800E43EC7 /* Base */,
			);
			name = LaunchScreen.storyboard;
			sourceTree = "<group>";
		};
/* End PBXVariantGroup section */

/* Begin XCBuildConfiguration section */
		FE5C4D7B1EEFE3E800E43EC7 /* Debug */ = {
			isa = XCBuildConfiguration;
			buildSettings = {
				ALWAYS_SEARCH_USER_PATHS = NO;
				CLANG_ANALYZER_NONNULL = YES;
				CLANG_ANALYZER_NUMBER_OBJECT_CONVERSION = YES_AGGRESSIVE;
				CLANG_CXX_LANGUAGE_STANDARD = "gnu++0x";
				CLANG_CXX_LIBRARY = "libc++";
				CLANG_ENABLE_MODULES = YES;
				CLANG_ENABLE_OBJC_ARC = YES;
				CLANG_WARN_BOOL_CONVERSION = YES;
				CLANG_WARN_CONSTANT_CONVERSION = YES;
				CLANG_WARN_DIRECT_OBJC_ISA_USAGE = YES_ERROR;
				CLANG_WARN_DOCUMENTATION_COMMENTS = YES;
				CLANG_WARN_EMPTY_BODY = YES;
				CLANG_WARN_ENUM_CONVERSION = YES;
				CLANG_WARN_INFINITE_RECURSION = YES;
				CLANG_WARN_INT_CONVERSION = YES;
				CLANG_WARN_OBJC_ROOT_CLASS = YES_ERROR;
				CLANG_WARN_SUSPICIOUS_MOVE = YES;
				CLANG_WARN_UNREACHABLE_CODE = YES;
				CLANG_WARN__DUPLICATE_METHOD_MATCH = YES;
				"CODE_SIGN_IDENTITY[sdk=iphoneos*]" = "iPhone Developer";
				COPY_PHASE_STRIP = NO;
				DEBUG_INFORMATION_FORMAT = dwarf;
				ENABLE_STRICT_OBJC_MSGSEND = YES;
				ENABLE_TESTABILITY = YES;
				GCC_C_LANGUAGE_STANDARD = gnu99;
				GCC_DYNAMIC_NO_PIC = NO;
				GCC_NO_COMMON_BLOCKS = YES;
				GCC_OPTIMIZATION_LEVEL = 0;
				GCC_PREPROCESSOR_DEFINITIONS = (
					"DEBUG=1",
					"$(inherited)",
				);
				GCC_WARN_64_TO_32_BIT_CONVERSION = YES;
				GCC_WARN_ABOUT_RETURN_TYPE = YES_ERROR;
				GCC_WARN_UNDECLARED_SELECTOR = YES;
				GCC_WARN_UNINITIALIZED_AUTOS = YES_AGGRESSIVE;
				GCC_WARN_UNUSED_FUNCTION = YES;
				GCC_WARN_UNUSED_VARIABLE = YES;
				IPHONEOS_DEPLOYMENT_TARGET = 10.3;
				MTL_ENABLE_DEBUG_INFO = YES;
				ONLY_ACTIVE_ARCH = YES;
				SDKROOT = iphoneos;
				SWIFT_ACTIVE_COMPILATION_CONDITIONS = DEBUG;
				SWIFT_OPTIMIZATION_LEVEL = "-Onone";
				TARGETED_DEVICE_FAMILY = "1,2";
			};
			name = Debug;
		};
		FE5C4D7C1EEFE3E800E43EC7 /* Release */ = {
			isa = XCBuildConfiguration;
			buildSettings = {
				ALWAYS_SEARCH_USER_PATHS = NO;
				CLANG_ANALYZER_NONNULL = YES;
				CLANG_ANALYZER_NUMBER_OBJECT_CONVERSION = YES_AGGRESSIVE;
				CLANG_CXX_LANGUAGE_STANDARD = "gnu++0x";
				CLANG_CXX_LIBRARY = "libc++";
				CLANG_ENABLE_MODULES = YES;
				CLANG_ENABLE_OBJC_ARC = YES;
				CLANG_WARN_BOOL_CONVERSION = YES;
				CLANG_WARN_CONSTANT_CONVERSION = YES;
				CLANG_WARN_DIRECT_OBJC_ISA_USAGE = YES_ERROR;
				CLANG_WARN_DOCUMENTATION_COMMENTS = YES;
				CLANG_WARN_EMPTY_BODY = YES;
				CLANG_WARN_ENUM_CONVERSION = YES;
				CLANG_WARN_INFINITE_RECURSION = YES;
				CLANG_WARN_INT_CONVERSION = YES;
				CLANG_WARN_OBJC_ROOT_CLASS = YES_ERROR;
				CLANG_WARN_SUSPICIOUS_MOVE = YES;
				CLANG_WARN_UNREACHABLE_CODE = YES;
				CLANG_WARN__DUPLICATE_METHOD_MATCH = YES;
				"CODE_SIGN_IDENTITY[sdk=iphoneos*]" = "iPhone Developer";
				COPY_PHASE_STRIP = NO;
				DEBUG_INFORMATION_FORMAT = "dwarf-with-dsym";
				ENABLE_NS_ASSERTIONS = NO;
				ENABLE_STRICT_OBJC_MSGSEND = YES;
				GCC_C_LANGUAGE_STANDARD = gnu99;
				GCC_NO_COMMON_BLOCKS = YES;
				GCC_WARN_64_TO_32_BIT_CONVERSION = YES;
				GCC_WARN_ABOUT_RETURN_TYPE = YES_ERROR;
				GCC_WARN_UNDECLARED_SELECTOR = YES;
				GCC_WARN_UNINITIALIZED_AUTOS = YES_AGGRESSIVE;
				GCC_WARN_UNUSED_FUNCTION = YES;
				GCC_WARN_UNUSED_VARIABLE = YES;
				IPHONEOS_DEPLOYMENT_TARGET = 10.3;
				MTL_ENABLE_DEBUG_INFO = NO;
				SDKROOT = iphoneos;
				SWIFT_OPTIMIZATION_LEVEL = "-Owholemodule";
				TARGETED_DEVICE_FAMILY = "1,2";
				VALIDATE_PRODUCT = YES;
			};
			name = Release;
		};
		FE5C4D7E1EEFE3E800E43EC7 /* Debug */ = {
			isa = XCBuildConfiguration;
			buildSettings = {
				ASSETCATALOG_COMPILER_APPICON_NAME = AppIcon;
				INFOPLIST_FILE = Practice0613_TableView/Info.plist;
				LD_RUNPATH_SEARCH_PATHS = "$(inherited) @executable_path/Frameworks";
				PRODUCT_BUNDLE_IDENTIFIER = "net.blackturtle2.Practice0613-TableView";
				PRODUCT_NAME = "$(TARGET_NAME)";
				SWIFT_VERSION = 3.0;
			};
			name = Debug;
		};
		FE5C4D7F1EEFE3E800E43EC7 /* Release */ = {
			isa = XCBuildConfiguration;
			buildSettings = {
				ASSETCATALOG_COMPILER_APPICON_NAME = AppIcon;
				INFOPLIST_FILE = Practice0613_TableView/Info.plist;
				LD_RUNPATH_SEARCH_PATHS = "$(inherited) @executable_path/Frameworks";
				PRODUCT_BUNDLE_IDENTIFIER = "net.blackturtle2.Practice0613-TableView";
				PRODUCT_NAME = "$(TARGET_NAME)";
				SWIFT_VERSION = 3.0;
			};
			name = Release;
		};
/* End XCBuildConfiguration section */

/* Begin XCConfigurationList section */
		FE5C4D661EEFE3E800E43EC7 /* Build configuration list for PBXProject "Practice0613_TableView" */ = {
			isa = XCConfigurationList;
			buildConfigurations = (
				FE5C4D7B1EEFE3E800E43EC7 /* Debug */,
				FE5C4D7C1EEFE3E800E43EC7 /* Release */,
			);
			defaultConfigurationIsVisible = 0;
			defaultConfigurationName = Release;
		};
		FE5C4D7D1EEFE3E800E43EC7 /* Build configuration list for PBXNativeTarget "Practice0613_TableView" */ = {
			isa = XCConfigurationList;
			buildConfigurations = (
				FE5C4D7E1EEFE3E800E43EC7 /* Debug */,
				FE5C4D7F1EEFE3E800E43EC7 /* Release */,
			);
			defaultConfigurationIsVisible = 0;
		};
/* End XCConfigurationList section */
	};
	rootObject = FE5C4D631EEFE3E800E43EC7 /* Project object */;
}
