// !$*UTF8*$!
{
	archiveVersion = 1;
	classes = {
	};
	objectVersion = 46;
	objects = {

/* Begin PBXBuildFile section */
		FEA5A9E61EF933A3005994D2 /* AppDelegate.swift in Sources */ = {isa = PBXBuildFile; fileRef = FEA5A9E51EF933A3005994D2 /* AppDelegate.swift */; };
		FEA5A9E81EF933A3005994D2 /* ViewController.swift in Sources */ = {isa = PBXBuildFile; fileRef = FEA5A9E71EF933A3005994D2 /* ViewController.swift */; };
		FEA5A9EB1EF933A3005994D2 /* Main.storyboard in Resources */ = {isa = PBXBuildFile; fileRef = FEA5A9E91EF933A3005994D2 /* Main.storyboard */; };
		FEA5A9ED1EF933A3005994D2 /* Assets.xcassets in Resources */ = {isa = PBXBuildFile; fileRef = FEA5A9EC1EF933A3005994D2 /* Assets.xcassets */; };
		FEA5A9F01EF933A3005994D2 /* LaunchScreen.storyboard in Resources */ = {isa = PBXBuildFile; fileRef = FEA5A9EE1EF933A3005994D2 /* LaunchScreen.storyboard */; };
		FEA5A9F81EF95DD1005994D2 /* DataCenter.swift in Sources */ = {isa = PBXBuildFile; fileRef = FEA5A9F71EF95DD1005994D2 /* DataCenter.swift */; };
		FEA5A9FA1EF95E66005994D2 /* MyAppleProduct.plist in Resources */ = {isa = PBXBuildFile; fileRef = FEA5A9F91EF95E66005994D2 /* MyAppleProduct.plist */; };
/* End PBXBuildFile section */

/* Begin PBXFileReference section */
		FEA5A9E21EF933A3005994D2 /* Practice0620_TableViewCellForIndexPath.app */ = {isa = PBXFileReference; explicitFileType = wrapper.application; includeInIndex = 0; path = Practice0620_TableViewCellForIndexPath.app; sourceTree = BUILT_PRODUCTS_DIR; };
		FEA5A9E51EF933A3005994D2 /* AppDelegate.swift */ = {isa = PBXFileReference; lastKnownFileType = sourcecode.swift; path = AppDelegate.swift; sourceTree = "<group>"; };
		FEA5A9E71EF933A3005994D2 /* ViewController.swift */ = {isa = PBXFileReference; lastKnownFileType = sourcecode.swift; path = ViewController.swift; sourceTree = "<group>"; };
		FEA5A9EA1EF933A3005994D2 /* Base */ = {isa = PBXFileReference; lastKnownFileType = file.storyboard; name = Base; path = Base.lproj/Main.storyboard; sourceTree = "<group>"; };
		FEA5A9EC1EF933A3005994D2 /* Assets.xcassets */ = {isa = PBXFileReference; lastKnownFileType = folder.assetcatalog; path = Assets.xcassets; sourceTree = "<group>"; };
		FEA5A9EF1EF933A3005994D2 /* Base */ = {isa = PBXFileReference; lastKnownFileType = file.storyboard; name = Base; path = Base.lproj/LaunchScreen.storyboard; sourceTree = "<group>"; };
		FEA5A9F11EF933A3005994D2 /* Info.plist */ = {isa = PBXFileReference; lastKnownFileType = text.plist.xml; path = Info.plist; sourceTree = "<group>"; };
		FEA5A9F71EF95DD1005994D2 /* DataCenter.swift */ = {isa = PBXFileReference; fileEncoding = 4; lastKnownFileType = sourcecode.swift; path = DataCenter.swift; sourceTree = "<group>"; };
		FEA5A9F91EF95E66005994D2 /* MyAppleProduct.plist */ = {isa = PBXFileReference; fileEncoding = 4; lastKnownFileType = text.plist.xml; path = MyAppleProduct.plist; sourceTree = "<group>"; };
/* End PBXFileReference section */

/* Begin PBXFrameworksBuildPhase section */
		FEA5A9DF1EF933A3005994D2 /* Frameworks */ = {
			isa = PBXFrameworksBuildPhase;
			buildActionMask = 2147483647;
			files = (
			);
			runOnlyForDeploymentPostprocessing = 0;
		};
/* End PBXFrameworksBuildPhase section */

/* Begin PBXGroup section */
		FEA5A9D91EF933A3005994D2 = {
			isa = PBXGroup;
			children = (
				FEA5A9E41EF933A3005994D2 /* Practice0620_TableViewCellForIndexPath */,
				FEA5A9E31EF933A3005994D2 /* Products */,
			);
			sourceTree = "<group>";
		};
		FEA5A9E31EF933A3005994D2 /* Products */ = {
			isa = PBXGroup;
			children = (
				FEA5A9E21EF933A3005994D2 /* Practice0620_TableViewCellForIndexPath.app */,
			);
			name = Products;
			sourceTree = "<group>";
		};
		FEA5A9E41EF933A3005994D2 /* Practice0620_TableViewCellForIndexPath */ = {
			isa = PBXGroup;
			children = (
				FEA5A9E91EF933A3005994D2 /* Main.storyboard */,
				FEA5A9E51EF933A3005994D2 /* AppDelegate.swift */,
				FEA5A9E71EF933A3005994D2 /* ViewController.swift */,
				FEA5A9F71EF95DD1005994D2 /* DataCenter.swift */,
				FEA5A9F91EF95E66005994D2 /* MyAppleProduct.plist */,
				FEA5A9EC1EF933A3005994D2 /* Assets.xcassets */,
				FEA5A9EE1EF933A3005994D2 /* LaunchScreen.storyboard */,
				FEA5A9F11EF933A3005994D2 /* Info.plist */,
			);
			path = Practice0620_TableViewCellForIndexPath;
			sourceTree = "<group>";
		};
/* End PBXGroup section */

/* Begin PBXNativeTarget section */
		FEA5A9E11EF933A3005994D2 /* Practice0620_TableViewCellForIndexPath */ = {
			isa = PBXNativeTarget;
			buildConfigurationList = FEA5A9F41EF933A3005994D2 /* Build configuration list for PBXNativeTarget "Practice0620_TableViewCellForIndexPath" */;
			buildPhases = (
				FEA5A9DE1EF933A3005994D2 /* Sources */,
				FEA5A9DF1EF933A3005994D2 /* Frameworks */,
				FEA5A9E01EF933A3005994D2 /* Resources */,
			);
			buildRules = (
			);
			dependencies = (
			);
			name = Practice0620_TableViewCellForIndexPath;
			productName = Practice0620_TableViewCellForIndexPath;
			productReference = FEA5A9E21EF933A3005994D2 /* Practice0620_TableViewCellForIndexPath.app */;
			productType = "com.apple.product-type.application";
		};
/* End PBXNativeTarget section */

/* Begin PBXProject section */
		FEA5A9DA1EF933A3005994D2 /* Project object */ = {
			isa = PBXProject;
			attributes = {
				LastSwiftUpdateCheck = 0830;
				LastUpgradeCheck = 0830;
				ORGANIZATIONNAME = leejaesung;
				TargetAttributes = {
					FEA5A9E11EF933A3005994D2 = {
						CreatedOnToolsVersion = 8.3.2;
						ProvisioningStyle = Automatic;
					};
				};
			};
			buildConfigurationList = FEA5A9DD1EF933A3005994D2 /* Build configuration list for PBXProject "Practice0620_TableViewCellForIndexPath" */;
			compatibilityVersion = "Xcode 3.2";
			developmentRegion = English;
			hasScannedForEncodings = 0;
			knownRegions = (
				en,
				Base,
			);
			mainGroup = FEA5A9D91EF933A3005994D2;
			productRefGroup = FEA5A9E31EF933A3005994D2 /* Products */;
			projectDirPath = "";
			projectRoot = "";
			targets = (
				FEA5A9E11EF933A3005994D2 /* Practice0620_TableViewCellForIndexPath */,
			);
		};
/* End PBXProject section */

/* Begin PBXResourcesBuildPhase section */
		FEA5A9E01EF933A3005994D2 /* Resources */ = {
			isa = PBXResourcesBuildPhase;
			buildActionMask = 2147483647;
			files = (
				FEA5A9F01EF933A3005994D2 /* LaunchScreen.storyboard in Resources */,
				FEA5A9ED1EF933A3005994D2 /* Assets.xcassets in Resources */,
				FEA5A9EB1EF933A3005994D2 /* Main.storyboard in Resources */,
				FEA5A9FA1EF95E66005994D2 /* MyAppleProduct.plist in Resources */,
			);
			runOnlyForDeploymentPostprocessing = 0;
		};
/* End PBXResourcesBuildPhase section */

/* Begin PBXSourcesBuildPhase section */
		FEA5A9DE1EF933A3005994D2 /* Sources */ = {
			isa = PBXSourcesBuildPhase;
			buildActionMask = 2147483647;
			files = (
				FEA5A9F81EF95DD1005994D2 /* DataCenter.swift in Sources */,
				FEA5A9E81EF933A3005994D2 /* ViewController.swift in Sources */,
				FEA5A9E61EF933A3005994D2 /* AppDelegate.swift in Sources */,
			);
			runOnlyForDeploymentPostprocessing = 0;
		};
/* End PBXSourcesBuildPhase section */

/* Begin PBXVariantGroup section */
		FEA5A9E91EF933A3005994D2 /* Main.storyboard */ = {
			isa = PBXVariantGroup;
			children = (
				FEA5A9EA1EF933A3005994D2 /* Base */,
			);
			name = Main.storyboard;
			sourceTree = "<group>";
		};
		FEA5A9EE1EF933A3005994D2 /* LaunchScreen.storyboard */ = {
			isa = PBXVariantGroup;
			children = (
				FEA5A9EF1EF933A3005994D2 /* Base */,
			);
			name = LaunchScreen.storyboard;
			sourceTree = "<group>";
		};
/* End PBXVariantGroup section */

/* Begin XCBuildConfiguration section */
		FEA5A9F21EF933A3005994D2 /* Debug */ = {
			isa = XCBuildConfiguration;
			buildSettings = {
				ALWAYS_SEARCH_USER_PATHS = NO;
				CLANG_ANALYZER_NONNULL = YES;
				CLANG_ANALYZER_NUMBER_OBJECT_CONVERSION = YES_AGGRESSIVE;
				CLANG_CXX_LANGUAGE_STANDARD = "gnu++0x";
				CLANG_CXX_LIBRARY = "libc++";
				CLANG_ENABLE_MODULES = YES;
				CLANG_ENABLE_OBJC_ARC = YES;
				CLANG_WARN_BOOL_CONVERSION = YES;
				CLANG_WARN_CONSTANT_CONVERSION = YES;
				CLANG_WARN_DIRECT_OBJC_ISA_USAGE = YES_ERROR;
				CLANG_WARN_DOCUMENTATION_COMMENTS = YES;
				CLANG_WARN_EMPTY_BODY = YES;
				CLANG_WARN_ENUM_CONVERSION = YES;
				CLANG_WARN_INFINITE_RECURSION = YES;
				CLANG_WARN_INT_CONVERSION = YES;
				CLANG_WARN_OBJC_ROOT_CLASS = YES_ERROR;
				CLANG_WARN_SUSPICIOUS_MOVE = YES;
				CLANG_WARN_UNREACHABLE_CODE = YES;
				CLANG_WARN__DUPLICATE_METHOD_MATCH = YES;
				"CODE_SIGN_IDENTITY[sdk=iphoneos*]" = "iPhone Developer";
				COPY_PHASE_STRIP = NO;
				DEBUG_INFORMATION_FORMAT = dwarf;
				ENABLE_STRICT_OBJC_MSGSEND = YES;
				ENABLE_TESTABILITY = YES;
				GCC_C_LANGUAGE_STANDARD = gnu99;
				GCC_DYNAMIC_NO_PIC = NO;
				GCC_NO_COMMON_BLOCKS = YES;
				GCC_OPTIMIZATION_LEVEL = 0;
				GCC_PREPROCESSOR_DEFINITIONS = (
					"DEBUG=1",
					"$(inherited)",
				);
				GCC_WARN_64_TO_32_BIT_CONVERSION = YES;
				GCC_WARN_ABOUT_RETURN_TYPE = YES_ERROR;
				GCC_WARN_UNDECLARED_SELECTOR = YES;
				GCC_WARN_UNINITIALIZED_AUTOS = YES_AGGRESSIVE;
				GCC_WARN_UNUSED_FUNCTION = YES;
				GCC_WARN_UNUSED_VARIABLE = YES;
				IPHONEOS_DEPLOYMENT_TARGET = 10.3;
				MTL_ENABLE_DEBUG_INFO = YES;
				ONLY_ACTIVE_ARCH = YES;
				SDKROOT = iphoneos;
				SWIFT_ACTIVE_COMPILATION_CONDITIONS = DEBUG;
				SWIFT_OPTIMIZATION_LEVEL = "-Onone";
				TARGETED_DEVICE_FAMILY = "1,2";
			};
			name = Debug;
		};
		FEA5A9F31EF933A3005994D2 /* Release */ = {
			isa = XCBuildConfiguration;
			buildSettings = {
				ALWAYS_SEARCH_USER_PATHS = NO;
				CLANG_ANALYZER_NONNULL = YES;
				CLANG_ANALYZER_NUMBER_OBJECT_CONVERSION = YES_AGGRESSIVE;
				CLANG_CXX_LANGUAGE_STANDARD = "gnu++0x";
				CLANG_CXX_LIBRARY = "libc++";
				CLANG_ENABLE_MODULES = YES;
				CLANG_ENABLE_OBJC_ARC = YES;
				CLANG_WARN_BOOL_CONVERSION = YES;
				CLANG_WARN_CONSTANT_CONVERSION = YES;
				CLANG_WARN_DIRECT_OBJC_ISA_USAGE = YES_ERROR;
				CLANG_WARN_DOCUMENTATION_COMMENTS = YES;
				CLANG_WARN_EMPTY_BODY = YES;
				CLANG_WARN_ENUM_CONVERSION = YES;
				CLANG_WARN_INFINITE_RECURSION = YES;
				CLANG_WARN_INT_CONVERSION = YES;
				CLANG_WARN_OBJC_ROOT_CLASS = YES_ERROR;
				CLANG_WARN_SUSPICIOUS_MOVE = YES;
				CLANG_WARN_UNREACHABLE_CODE = YES;
				CLANG_WARN__DUPLICATE_METHOD_MATCH = YES;
				"CODE_SIGN_IDENTITY[sdk=iphoneos*]" = "iPhone Developer";
				COPY_PHASE_STRIP = NO;
				DEBUG_INFORMATION_FORMAT = "dwarf-with-dsym";
				ENABLE_NS_ASSERTIONS = NO;
				ENABLE_STRICT_OBJC_MSGSEND = YES;
				GCC_C_LANGUAGE_STANDARD = gnu99;
				GCC_NO_COMMON_BLOCKS = YES;
				GCC_WARN_64_TO_32_BIT_CONVERSION = YES;
				GCC_WARN_ABOUT_RETURN_TYPE = YES_ERROR;
				GCC_WARN_UNDECLARED_SELECTOR = YES;
				GCC_WARN_UNINITIALIZED_AUTOS = YES_AGGRESSIVE;
				GCC_WARN_UNUSED_FUNCTION = YES;
				GCC_WARN_UNUSED_VARIABLE = YES;
				IPHONEOS_DEPLOYMENT_TARGET = 10.3;
				MTL_ENABLE_DEBUG_INFO = NO;
				SDKROOT = iphoneos;
				SWIFT_OPTIMIZATION_LEVEL = "-Owholemodule";
				TARGETED_DEVICE_FAMILY = "1,2";
				VALIDATE_PRODUCT = YES;
			};
			name = Release;
		};
		FEA5A9F51EF933A3005994D2 /* Debug */ = {
			isa = XCBuildConfiguration;
			buildSettings = {
				ASSETCATALOG_COMPILER_APPICON_NAME = AppIcon;
				INFOPLIST_FILE = Practice0620_TableViewCellForIndexPath/Info.plist;
				LD_RUNPATH_SEARCH_PATHS = "$(inherited) @executable_path/Frameworks";
				PRODUCT_BUNDLE_IDENTIFIER = "net.blackturtle2.Practice0620-TableViewCellForIndexPath";
				PRODUCT_NAME = "$(TARGET_NAME)";
				SWIFT_VERSION = 3.0;
			};
			name = Debug;
		};
		FEA5A9F61EF933A3005994D2 /* Release */ = {
			isa = XCBuildConfiguration;
			buildSettings = {
				ASSETCATALOG_COMPILER_APPICON_NAME = AppIcon;
				INFOPLIST_FILE = Practice0620_TableViewCellForIndexPath/Info.plist;
				LD_RUNPATH_SEARCH_PATHS = "$(inherited) @executable_path/Frameworks";
				PRODUCT_BUNDLE_IDENTIFIER = "net.blackturtle2.Practice0620-TableViewCellForIndexPath";
				PRODUCT_NAME = "$(TARGET_NAME)";
				SWIFT_VERSION = 3.0;
			};
			name = Release;
		};
/* End XCBuildConfiguration section */

/* Begin XCConfigurationList section */
		FEA5A9DD1EF933A3005994D2 /* Build configuration list for PBXProject "Practice0620_TableViewCellForIndexPath" */ = {
			isa = XCConfigurationList;
			buildConfigurations = (
				FEA5A9F21EF933A3005994D2 /* Debug */,
				FEA5A9F31EF933A3005994D2 /* Release */,
			);
			defaultConfigurationIsVisible = 0;
			defaultConfigurationName = Release;
		};
		FEA5A9F41EF933A3005994D2 /* Build configuration list for PBXNativeTarget "Practice0620_TableViewCellForIndexPath" */ = {
			isa = XCConfigurationList;
			buildConfigurations = (
				FEA5A9F51EF933A3005994D2 /* Debug */,
				FEA5A9F61EF933A3005994D2 /* Release */,
			);
			defaultConfigurationIsVisible = 0;
			defaultConfigurationName = Release;
		};
/* End XCConfigurationList section */
	};
	rootObject = FEA5A9DA1EF933A3005994D2 /* Project object */;
}
