// !$*UTF8*$!
{
	archiveVersion = 1;
	classes = {
	};
	objectVersion = 46;
	objects = {

/* Begin PBXBuildFile section */
		FE8DD69E1EF75DFB00D3E16B /* AppDelegate.swift in Sources */ = {isa = PBXBuildFile; fileRef = FE8DD69D1EF75DFB00D3E16B /* AppDelegate.swift */; };
		FE8DD6A01EF75DFB00D3E16B /* ViewController.swift in Sources */ = {isa = PBXBuildFile; fileRef = FE8DD69F1EF75DFB00D3E16B /* ViewController.swift */; };
		FE8DD6A31EF75DFB00D3E16B /* Main.storyboard in Resources */ = {isa = PBXBuildFile; fileRef = FE8DD6A11EF75DFB00D3E16B /* Main.storyboard */; };
		FE8DD6A51EF75DFB00D3E16B /* Assets.xcassets in Resources */ = {isa = PBXBuildFile; fileRef = FE8DD6A41EF75DFB00D3E16B /* Assets.xcassets */; };
		FE8DD6A81EF75DFB00D3E16B /* LaunchScreen.storyboard in Resources */ = {isa = PBXBuildFile; fileRef = FE8DD6A61EF75DFB00D3E16B /* LaunchScreen.storyboard */; };
/* End PBXBuildFile section */

/* Begin PBXFileReference section */
		FE8DD69A1EF75DFB00D3E16B /* Practice0619_SwitchSliderIndicator.app */ = {isa = PBXFileReference; explicitFileType = wrapper.application; includeInIndex = 0; path = Practice0619_SwitchSliderIndicator.app; sourceTree = BUILT_PRODUCTS_DIR; };
		FE8DD69D1EF75DFB00D3E16B /* AppDelegate.swift */ = {isa = PBXFileReference; lastKnownFileType = sourcecode.swift; path = AppDelegate.swift; sourceTree = "<group>"; };
		FE8DD69F1EF75DFB00D3E16B /* ViewController.swift */ = {isa = PBXFileReference; lastKnownFileType = sourcecode.swift; path = ViewController.swift; sourceTree = "<group>"; };
		FE8DD6A21EF75DFB00D3E16B /* Base */ = {isa = PBXFileReference; lastKnownFileType = file.storyboard; name = Base; path = Base.lproj/Main.storyboard; sourceTree = "<group>"; };
		FE8DD6A41EF75DFB00D3E16B /* Assets.xcassets */ = {isa = PBXFileReference; lastKnownFileType = folder.assetcatalog; path = Assets.xcassets; sourceTree = "<group>"; };
		FE8DD6A71EF75DFB00D3E16B /* Base */ = {isa = PBXFileReference; lastKnownFileType = file.storyboard; name = Base; path = Base.lproj/LaunchScreen.storyboard; sourceTree = "<group>"; };
		FE8DD6A91EF75DFB00D3E16B /* Info.plist */ = {isa = PBXFileReference; lastKnownFileType = text.plist.xml; path = Info.plist; sourceTree = "<group>"; };
/* End PBXFileReference section */

/* Begin PBXFrameworksBuildPhase section */
		FE8DD6971EF75DFB00D3E16B /* Frameworks */ = {
			isa = PBXFrameworksBuildPhase;
			buildActionMask = 2147483647;
			files = (
			);
			runOnlyForDeploymentPostprocessing = 0;
		};
/* End PBXFrameworksBuildPhase section */

/* Begin PBXGroup section */
		FE8DD6911EF75DFB00D3E16B = {
			isa = PBXGroup;
			children = (
				FE8DD69C1EF75DFB00D3E16B /* Practice0619_SwitchSliderIndicator */,
				FE8DD69B1EF75DFB00D3E16B /* Products */,
			);
			sourceTree = "<group>";
		};
		FE8DD69B1EF75DFB00D3E16B /* Products */ = {
			isa = PBXGroup;
			children = (
				FE8DD69A1EF75DFB00D3E16B /* Practice0619_SwitchSliderIndicator.app */,
			);
			name = Products;
			sourceTree = "<group>";
		};
		FE8DD69C1EF75DFB00D3E16B /* Practice0619_SwitchSliderIndicator */ = {
			isa = PBXGroup;
			children = (
				FE8DD69D1EF75DFB00D3E16B /* AppDelegate.swift */,
				FE8DD69F1EF75DFB00D3E16B /* ViewController.swift */,
				FE8DD6A11EF75DFB00D3E16B /* Main.storyboard */,
				FE8DD6A41EF75DFB00D3E16B /* Assets.xcassets */,
				FE8DD6A61EF75DFB00D3E16B /* LaunchScreen.storyboard */,
				FE8DD6A91EF75DFB00D3E16B /* Info.plist */,
			);
			path = Practice0619_SwitchSliderIndicator;
			sourceTree = "<group>";
		};
/* End PBXGroup section */

/* Begin PBXNativeTarget section */
		FE8DD6991EF75DFB00D3E16B /* Practice0619_SwitchSliderIndicator */ = {
			isa = PBXNativeTarget;
			buildConfigurationList = FE8DD6AC1EF75DFB00D3E16B /* Build configuration list for PBXNativeTarget "Practice0619_SwitchSliderIndicator" */;
			buildPhases = (
				FE8DD6961EF75DFB00D3E16B /* Sources */,
				FE8DD6971EF75DFB00D3E16B /* Frameworks */,
				FE8DD6981EF75DFB00D3E16B /* Resources */,
			);
			buildRules = (
			);
			dependencies = (
			);
			name = Practice0619_SwitchSliderIndicator;
			productName = Practice0619_SwitchSliderIndicator;
			productReference = FE8DD69A1EF75DFB00D3E16B /* Practice0619_SwitchSliderIndicator.app */;
			productType = "com.apple.product-type.application";
		};
/* End PBXNativeTarget section */

/* Begin PBXProject section */
		FE8DD6921EF75DFB00D3E16B /* Project object */ = {
			isa = PBXProject;
			attributes = {
				LastSwiftUpdateCheck = 0830;
				LastUpgradeCheck = 0830;
				ORGANIZATIONNAME = leejaesung;
				TargetAttributes = {
					FE8DD6991EF75DFB00D3E16B = {
						CreatedOnToolsVersion = 8.3.2;
						ProvisioningStyle = Automatic;
					};
				};
			};
			buildConfigurationList = FE8DD6951EF75DFB00D3E16B /* Build configuration list for PBXProject "Practice0619_SwitchSliderIndicator" */;
			compatibilityVersion = "Xcode 3.2";
			developmentRegion = English;
			hasScannedForEncodings = 0;
			knownRegions = (
				en,
				Base,
			);
			mainGroup = FE8DD6911EF75DFB00D3E16B;
			productRefGroup = FE8DD69B1EF75DFB00D3E16B /* Products */;
			projectDirPath = "";
			projectRoot = "";
			targets = (
				FE8DD6991EF75DFB00D3E16B /* Practice0619_SwitchSliderIndicator */,
			);
		};
/* End PBXProject section */

/* Begin PBXResourcesBuildPhase section */
		FE8DD6981EF75DFB00D3E16B /* Resources */ = {
			isa = PBXResourcesBuildPhase;
			buildActionMask = 2147483647;
			files = (
				FE8DD6A81EF75DFB00D3E16B /* LaunchScreen.storyboard in Resources */,
				FE8DD6A51EF75DFB00D3E16B /* Assets.xcassets in Resources */,
				FE8DD6A31EF75DFB00D3E16B /* Main.storyboard in Resources */,
			);
			runOnlyForDeploymentPostprocessing = 0;
		};
/* End PBXResourcesBuildPhase section */

/* Begin PBXSourcesBuildPhase section */
		FE8DD6961EF75DFB00D3E16B /* Sources */ = {
			isa = PBXSourcesBuildPhase;
			buildActionMask = 2147483647;
			files = (
				FE8DD6A01EF75DFB00D3E16B /* ViewController.swift in Sources */,
				FE8DD69E1EF75DFB00D3E16B /* AppDelegate.swift in Sources */,
			);
			runOnlyForDeploymentPostprocessing = 0;
		};
/* End PBXSourcesBuildPhase section */

/* Begin PBXVariantGroup section */
		FE8DD6A11EF75DFB00D3E16B /* Main.storyboard */ = {
			isa = PBXVariantGroup;
			children = (
				FE8DD6A21EF75DFB00D3E16B /* Base */,
			);
			name = Main.storyboard;
			sourceTree = "<group>";
		};
		FE8DD6A61EF75DFB00D3E16B /* LaunchScreen.storyboard */ = {
			isa = PBXVariantGroup;
			children = (
				FE8DD6A71EF75DFB00D3E16B /* Base */,
			);
			name = LaunchScreen.storyboard;
			sourceTree = "<group>";
		};
/* End PBXVariantGroup section */

/* Begin XCBuildConfiguration section */
		FE8DD6AA1EF75DFB00D3E16B /* Debug */ = {
			isa = XCBuildConfiguration;
			buildSettings = {
				ALWAYS_SEARCH_USER_PATHS = NO;
				CLANG_ANALYZER_NONNULL = YES;
				CLANG_ANALYZER_NUMBER_OBJECT_CONVERSION = YES_AGGRESSIVE;
				CLANG_CXX_LANGUAGE_STANDARD = "gnu++0x";
				CLANG_CXX_LIBRARY = "libc++";
				CLANG_ENABLE_MODULES = YES;
				CLANG_ENABLE_OBJC_ARC = YES;
				CLANG_WARN_BOOL_CONVERSION = YES;
				CLANG_WARN_CONSTANT_CONVERSION = YES;
				CLANG_WARN_DIRECT_OBJC_ISA_USAGE = YES_ERROR;
				CLANG_WARN_DOCUMENTATION_COMMENTS = YES;
				CLANG_WARN_EMPTY_BODY = YES;
				CLANG_WARN_ENUM_CONVERSION = YES;
				CLANG_WARN_INFINITE_RECURSION = YES;
				CLANG_WARN_INT_CONVERSION = YES;
				CLANG_WARN_OBJC_ROOT_CLASS = YES_ERROR;
				CLANG_WARN_SUSPICIOUS_MOVE = YES;
				CLANG_WARN_UNREACHABLE_CODE = YES;
				CLANG_WARN__DUPLICATE_METHOD_MATCH = YES;
				"CODE_SIGN_IDENTITY[sdk=iphoneos*]" = "iPhone Developer";
				COPY_PHASE_STRIP = NO;
				DEBUG_INFORMATION_FORMAT = dwarf;
				ENABLE_STRICT_OBJC_MSGSEND = YES;
				ENABLE_TESTABILITY = YES;
				GCC_C_LANGUAGE_STANDARD = gnu99;
				GCC_DYNAMIC_NO_PIC = NO;
				GCC_NO_COMMON_BLOCKS = YES;
				GCC_OPTIMIZATION_LEVEL = 0;
				GCC_PREPROCESSOR_DEFINITIONS = (
					"DEBUG=1",
					"$(inherited)",
				);
				GCC_WARN_64_TO_32_BIT_CONVERSION = YES;
				GCC_WARN_ABOUT_RETURN_TYPE = YES_ERROR;
				GCC_WARN_UNDECLARED_SELECTOR = YES;
				GCC_WARN_UNINITIALIZED_AUTOS = YES_AGGRESSIVE;
				GCC_WARN_UNUSED_FUNCTION = YES;
				GCC_WARN_UNUSED_VARIABLE = YES;
				IPHONEOS_DEPLOYMENT_TARGET = 10.3;
				MTL_ENABLE_DEBUG_INFO = YES;
				ONLY_ACTIVE_ARCH = YES;
				SDKROOT = iphoneos;
				SWIFT_ACTIVE_COMPILATION_CONDITIONS = DEBUG;
				SWIFT_OPTIMIZATION_LEVEL = "-Onone";
				TARGETED_DEVICE_FAMILY = "1,2";
			};
			name = Debug;
		};
		FE8DD6AB1EF75DFB00D3E16B /* Release */ = {
			isa = XCBuildConfiguration;
			buildSettings = {
				ALWAYS_SEARCH_USER_PATHS = NO;
				CLANG_ANALYZER_NONNULL = YES;
				CLANG_ANALYZER_NUMBER_OBJECT_CONVERSION = YES_AGGRESSIVE;
				CLANG_CXX_LANGUAGE_STANDARD = "gnu++0x";
				CLANG_CXX_LIBRARY = "libc++";
				CLANG_ENABLE_MODULES = YES;
				CLANG_ENABLE_OBJC_ARC = YES;
				CLANG_WARN_BOOL_CONVERSION = YES;
				CLANG_WARN_CONSTANT_CONVERSION = YES;
				CLANG_WARN_DIRECT_OBJC_ISA_USAGE = YES_ERROR;
				CLANG_WARN_DOCUMENTATION_COMMENTS = YES;
				CLANG_WARN_EMPTY_BODY = YES;
				CLANG_WARN_ENUM_CONVERSION = YES;
				CLANG_WARN_INFINITE_RECURSION = YES;
				CLANG_WARN_INT_CONVERSION = YES;
				CLANG_WARN_OBJC_ROOT_CLASS = YES_ERROR;
				CLANG_WARN_SUSPICIOUS_MOVE = YES;
				CLANG_WARN_UNREACHABLE_CODE = YES;
				CLANG_WARN__DUPLICATE_METHOD_MATCH = YES;
				"CODE_SIGN_IDENTITY[sdk=iphoneos*]" = "iPhone Developer";
				COPY_PHASE_STRIP = NO;
				DEBUG_INFORMATION_FORMAT = "dwarf-with-dsym";
				ENABLE_NS_ASSERTIONS = NO;
				ENABLE_STRICT_OBJC_MSGSEND = YES;
				GCC_C_LANGUAGE_STANDARD = gnu99;
				GCC_NO_COMMON_BLOCKS = YES;
				GCC_WARN_64_TO_32_BIT_CONVERSION = YES;
				GCC_WARN_ABOUT_RETURN_TYPE = YES_ERROR;
				GCC_WARN_UNDECLARED_SELECTOR = YES;
				GCC_WARN_UNINITIALIZED_AUTOS = YES_AGGRESSIVE;
				GCC_WARN_UNUSED_FUNCTION = YES;
				GCC_WARN_UNUSED_VARIABLE = YES;
				IPHONEOS_DEPLOYMENT_TARGET = 10.3;
				MTL_ENABLE_DEBUG_INFO = NO;
				SDKROOT = iphoneos;
				SWIFT_OPTIMIZATION_LEVEL = "-Owholemodule";
				TARGETED_DEVICE_FAMILY = "1,2";
				VALIDATE_PRODUCT = YES;
			};
			name = Release;
		};
		FE8DD6AD1EF75DFB00D3E16B /* Debug */ = {
			isa = XCBuildConfiguration;
			buildSettings = {
				ASSETCATALOG_COMPILER_APPICON_NAME = AppIcon;
				INFOPLIST_FILE = Practice0619_SwitchSliderIndicator/Info.plist;
				LD_RUNPATH_SEARCH_PATHS = "$(inherited) @executable_path/Frameworks";
				PRODUCT_BUNDLE_IDENTIFIER = "net.blackturtle2.Practice0619-SwitchSliderIndicator";
				PRODUCT_NAME = "$(TARGET_NAME)";
				SWIFT_VERSION = 3.0;
			};
			name = Debug;
		};
		FE8DD6AE1EF75DFB00D3E16B /* Release */ = {
			isa = XCBuildConfiguration;
			buildSettings = {
				ASSETCATALOG_COMPILER_APPICON_NAME = AppIcon;
				INFOPLIST_FILE = Practice0619_SwitchSliderIndicator/Info.plist;
				LD_RUNPATH_SEARCH_PATHS = "$(inherited) @executable_path/Frameworks";
				PRODUCT_BUNDLE_IDENTIFIER = "net.blackturtle2.Practice0619-SwitchSliderIndicator";
				PRODUCT_NAME = "$(TARGET_NAME)";
				SWIFT_VERSION = 3.0;
			};
			name = Release;
		};
/* End XCBuildConfiguration section */

/* Begin XCConfigurationList section */
		FE8DD6951EF75DFB00D3E16B /* Build configuration list for PBXProject "Practice0619_SwitchSliderIndicator" */ = {
			isa = XCConfigurationList;
			buildConfigurations = (
				FE8DD6AA1EF75DFB00D3E16B /* Debug */,
				FE8DD6AB1EF75DFB00D3E16B /* Release */,
			);
			defaultConfigurationIsVisible = 0;
			defaultConfigurationName = Release;
		};
		FE8DD6AC1EF75DFB00D3E16B /* Build configuration list for PBXNativeTarget "Practice0619_SwitchSliderIndicator" */ = {
			isa = XCConfigurationList;
			buildConfigurations = (
				FE8DD6AD1EF75DFB00D3E16B /* Debug */,
				FE8DD6AE1EF75DFB00D3E16B /* Release */,
			);
			defaultConfigurationIsVisible = 0;
		};
/* End XCConfigurationList section */
	};
	rootObject = FE8DD6921EF75DFB00D3E16B /* Project object */;
}
