// !$*UTF8*$!
{
	archiveVersion = 1;
	classes = {
	};
	objectVersion = 46;
	objects = {

/* Begin PBXBuildFile section */
		FE2022011F00E92600BB10E9 /* AppDelegate.swift in Sources */ = {isa = PBXBuildFile; fileRef = FE2022001F00E92600BB10E9 /* AppDelegate.swift */; };
		FE2022031F00E92600BB10E9 /* ViewController.swift in Sources */ = {isa = PBXBuildFile; fileRef = FE2022021F00E92600BB10E9 /* ViewController.swift */; };
		FE2022061F00E92600BB10E9 /* Main.storyboard in Resources */ = {isa = PBXBuildFile; fileRef = FE2022041F00E92600BB10E9 /* Main.storyboard */; };
		FE2022081F00E92600BB10E9 /* Assets.xcassets in Resources */ = {isa = PBXBuildFile; fileRef = FE2022071F00E92600BB10E9 /* Assets.xcassets */; };
		FE20220B1F00E92600BB10E9 /* LaunchScreen.storyboard in Resources */ = {isa = PBXBuildFile; fileRef = FE2022091F00E92600BB10E9 /* LaunchScreen.storyboard */; };
/* End PBXBuildFile section */

/* Begin PBXFileReference section */
		FE2021FD1F00E92600BB10E9 /* Practice0626_Closure.app */ = {isa = PBXFileReference; explicitFileType = wrapper.application; includeInIndex = 0; path = Practice0626_Closure.app; sourceTree = BUILT_PRODUCTS_DIR; };
		FE2022001F00E92600BB10E9 /* AppDelegate.swift */ = {isa = PBXFileReference; lastKnownFileType = sourcecode.swift; path = AppDelegate.swift; sourceTree = "<group>"; };
		FE2022021F00E92600BB10E9 /* ViewController.swift */ = {isa = PBXFileReference; lastKnownFileType = sourcecode.swift; path = ViewController.swift; sourceTree = "<group>"; };
		FE2022051F00E92600BB10E9 /* Base */ = {isa = PBXFileReference; lastKnownFileType = file.storyboard; name = Base; path = Base.lproj/Main.storyboard; sourceTree = "<group>"; };
		FE2022071F00E92600BB10E9 /* Assets.xcassets */ = {isa = PBXFileReference; lastKnownFileType = folder.assetcatalog; path = Assets.xcassets; sourceTree = "<group>"; };
		FE20220A1F00E92600BB10E9 /* Base */ = {isa = PBXFileReference; lastKnownFileType = file.storyboard; name = Base; path = Base.lproj/LaunchScreen.storyboard; sourceTree = "<group>"; };
		FE20220C1F00E92600BB10E9 /* Info.plist */ = {isa = PBXFileReference; lastKnownFileType = text.plist.xml; path = Info.plist; sourceTree = "<group>"; };
/* End PBXFileReference section */

/* Begin PBXFrameworksBuildPhase section */
		FE2021FA1F00E92600BB10E9 /* Frameworks */ = {
			isa = PBXFrameworksBuildPhase;
			buildActionMask = 2147483647;
			files = (
			);
			runOnlyForDeploymentPostprocessing = 0;
		};
/* End PBXFrameworksBuildPhase section */

/* Begin PBXGroup section */
		FE2021F41F00E92600BB10E9 = {
			isa = PBXGroup;
			children = (
				FE2021FF1F00E92600BB10E9 /* Practice0626_Closure */,
				FE2021FE1F00E92600BB10E9 /* Products */,
			);
			sourceTree = "<group>";
		};
		FE2021FE1F00E92600BB10E9 /* Products */ = {
			isa = PBXGroup;
			children = (
				FE2021FD1F00E92600BB10E9 /* Practice0626_Closure.app */,
			);
			name = Products;
			sourceTree = "<group>";
		};
		FE2021FF1F00E92600BB10E9 /* Practice0626_Closure */ = {
			isa = PBXGroup;
			children = (
				FE2022001F00E92600BB10E9 /* AppDelegate.swift */,
				FE2022021F00E92600BB10E9 /* ViewController.swift */,
				FE2022041F00E92600BB10E9 /* Main.storyboard */,
				FE2022071F00E92600BB10E9 /* Assets.xcassets */,
				FE2022091F00E92600BB10E9 /* LaunchScreen.storyboard */,
				FE20220C1F00E92600BB10E9 /* Info.plist */,
			);
			path = Practice0626_Closure;
			sourceTree = "<group>";
		};
/* End PBXGroup section */

/* Begin PBXNativeTarget section */
		FE2021FC1F00E92600BB10E9 /* Practice0626_Closure */ = {
			isa = PBXNativeTarget;
			buildConfigurationList = FE20220F1F00E92600BB10E9 /* Build configuration list for PBXNativeTarget "Practice0626_Closure" */;
			buildPhases = (
				FE2021F91F00E92600BB10E9 /* Sources */,
				FE2021FA1F00E92600BB10E9 /* Frameworks */,
				FE2021FB1F00E92600BB10E9 /* Resources */,
			);
			buildRules = (
			);
			dependencies = (
			);
			name = Practice0626_Closure;
			productName = Practice0626_Closure;
			productReference = FE2021FD1F00E92600BB10E9 /* Practice0626_Closure.app */;
			productType = "com.apple.product-type.application";
		};
/* End PBXNativeTarget section */

/* Begin PBXProject section */
		FE2021F51F00E92600BB10E9 /* Project object */ = {
			isa = PBXProject;
			attributes = {
				LastSwiftUpdateCheck = 0830;
				LastUpgradeCheck = 0830;
				ORGANIZATIONNAME = leejaesung;
				TargetAttributes = {
					FE2021FC1F00E92600BB10E9 = {
						CreatedOnToolsVersion = 8.3.2;
						ProvisioningStyle = Automatic;
					};
				};
			};
			buildConfigurationList = FE2021F81F00E92600BB10E9 /* Build configuration list for PBXProject "Practice0626_Closure" */;
			compatibilityVersion = "Xcode 3.2";
			developmentRegion = English;
			hasScannedForEncodings = 0;
			knownRegions = (
				en,
				Base,
			);
			mainGroup = FE2021F41F00E92600BB10E9;
			productRefGroup = FE2021FE1F00E92600BB10E9 /* Products */;
			projectDirPath = "";
			projectRoot = "";
			targets = (
				FE2021FC1F00E92600BB10E9 /* Practice0626_Closure */,
			);
		};
/* End PBXProject section */

/* Begin PBXResourcesBuildPhase section */
		FE2021FB1F00E92600BB10E9 /* Resources */ = {
			isa = PBXResourcesBuildPhase;
			buildActionMask = 2147483647;
			files = (
				FE20220B1F00E92600BB10E9 /* LaunchScreen.storyboard in Resources */,
				FE2022081F00E92600BB10E9 /* Assets.xcassets in Resources */,
				FE2022061F00E92600BB10E9 /* Main.storyboard in Resources */,
			);
			runOnlyForDeploymentPostprocessing = 0;
		};
/* End PBXResourcesBuildPhase section */

/* Begin PBXSourcesBuildPhase section */
		FE2021F91F00E92600BB10E9 /* Sources */ = {
			isa = PBXSourcesBuildPhase;
			buildActionMask = 2147483647;
			files = (
				FE2022031F00E92600BB10E9 /* ViewController.swift in Sources */,
				FE2022011F00E92600BB10E9 /* AppDelegate.swift in Sources */,
			);
			runOnlyForDeploymentPostprocessing = 0;
		};
/* End PBXSourcesBuildPhase section */

/* Begin PBXVariantGroup section */
		FE2022041F00E92600BB10E9 /* Main.storyboard */ = {
			isa = PBXVariantGroup;
			children = (
				FE2022051F00E92600BB10E9 /* Base */,
			);
			name = Main.storyboard;
			sourceTree = "<group>";
		};
		FE2022091F00E92600BB10E9 /* LaunchScreen.storyboard */ = {
			isa = PBXVariantGroup;
			children = (
				FE20220A1F00E92600BB10E9 /* Base */,
			);
			name = LaunchScreen.storyboard;
			sourceTree = "<group>";
		};
/* End PBXVariantGroup section */

/* Begin XCBuildConfiguration section */
		FE20220D1F00E92600BB10E9 /* Debug */ = {
			isa = XCBuildConfiguration;
			buildSettings = {
				ALWAYS_SEARCH_USER_PATHS = NO;
				CLANG_ANALYZER_NONNULL = YES;
				CLANG_ANALYZER_NUMBER_OBJECT_CONVERSION = YES_AGGRESSIVE;
				CLANG_CXX_LANGUAGE_STANDARD = "gnu++0x";
				CLANG_CXX_LIBRARY = "libc++";
				CLANG_ENABLE_MODULES = YES;
				CLANG_ENABLE_OBJC_ARC = YES;
				CLANG_WARN_BOOL_CONVERSION = YES;
				CLANG_WARN_CONSTANT_CONVERSION = YES;
				CLANG_WARN_DIRECT_OBJC_ISA_USAGE = YES_ERROR;
				CLANG_WARN_DOCUMENTATION_COMMENTS = YES;
				CLANG_WARN_EMPTY_BODY = YES;
				CLANG_WARN_ENUM_CONVERSION = YES;
				CLANG_WARN_INFINITE_RECURSION = YES;
				CLANG_WARN_INT_CONVERSION = YES;
				CLANG_WARN_OBJC_ROOT_CLASS = YES_ERROR;
				CLANG_WARN_SUSPICIOUS_MOVE = YES;
				CLANG_WARN_UNREACHABLE_CODE = YES;
				CLANG_WARN__DUPLICATE_METHOD_MATCH = YES;
				"CODE_SIGN_IDENTITY[sdk=iphoneos*]" = "iPhone Developer";
				COPY_PHASE_STRIP = NO;
				DEBUG_INFORMATION_FORMAT = dwarf;
				ENABLE_STRICT_OBJC_MSGSEND = YES;
				ENABLE_TESTABILITY = YES;
				GCC_C_LANGUAGE_STANDARD = gnu99;
				GCC_DYNAMIC_NO_PIC = NO;
				GCC_NO_COMMON_BLOCKS = YES;
				GCC_OPTIMIZATION_LEVEL = 0;
				GCC_PREPROCESSOR_DEFINITIONS = (
					"DEBUG=1",
					"$(inherited)",
				);
				GCC_WARN_64_TO_32_BIT_CONVERSION = YES;
				GCC_WARN_ABOUT_RETURN_TYPE = YES_ERROR;
				GCC_WARN_UNDECLARED_SELECTOR = YES;
				GCC_WARN_UNINITIALIZED_AUTOS = YES_AGGRESSIVE;
				GCC_WARN_UNUSED_FUNCTION = YES;
				GCC_WARN_UNUSED_VARIABLE = YES;
				IPHONEOS_DEPLOYMENT_TARGET = 10.3;
				MTL_ENABLE_DEBUG_INFO = YES;
				ONLY_ACTIVE_ARCH = YES;
				SDKROOT = iphoneos;
				SWIFT_ACTIVE_COMPILATION_CONDITIONS = DEBUG;
				SWIFT_OPTIMIZATION_LEVEL = "-Onone";
				TARGETED_DEVICE_FAMILY = "1,2";
			};
			name = Debug;
		};
		FE20220E1F00E92600BB10E9 /* Release */ = {
			isa = XCBuildConfiguration;
			buildSettings = {
				ALWAYS_SEARCH_USER_PATHS = NO;
				CLANG_ANALYZER_NONNULL = YES;
				CLANG_ANALYZER_NUMBER_OBJECT_CONVERSION = YES_AGGRESSIVE;
				CLANG_CXX_LANGUAGE_STANDARD = "gnu++0x";
				CLANG_CXX_LIBRARY = "libc++";
				CLANG_ENABLE_MODULES = YES;
				CLANG_ENABLE_OBJC_ARC = YES;
				CLANG_WARN_BOOL_CONVERSION = YES;
				CLANG_WARN_CONSTANT_CONVERSION = YES;
				CLANG_WARN_DIRECT_OBJC_ISA_USAGE = YES_ERROR;
				CLANG_WARN_DOCUMENTATION_COMMENTS = YES;
				CLANG_WARN_EMPTY_BODY = YES;
				CLANG_WARN_ENUM_CONVERSION = YES;
				CLANG_WARN_INFINITE_RECURSION = YES;
				CLANG_WARN_INT_CONVERSION = YES;
				CLANG_WARN_OBJC_ROOT_CLASS = YES_ERROR;
				CLANG_WARN_SUSPICIOUS_MOVE = YES;
				CLANG_WARN_UNREACHABLE_CODE = YES;
				CLANG_WARN__DUPLICATE_METHOD_MATCH = YES;
				"CODE_SIGN_IDENTITY[sdk=iphoneos*]" = "iPhone Developer";
				COPY_PHASE_STRIP = NO;
				DEBUG_INFORMATION_FORMAT = "dwarf-with-dsym";
				ENABLE_NS_ASSERTIONS = NO;
				ENABLE_STRICT_OBJC_MSGSEND = YES;
				GCC_C_LANGUAGE_STANDARD = gnu99;
				GCC_NO_COMMON_BLOCKS = YES;
				GCC_WARN_64_TO_32_BIT_CONVERSION = YES;
				GCC_WARN_ABOUT_RETURN_TYPE = YES_ERROR;
				GCC_WARN_UNDECLARED_SELECTOR = YES;
				GCC_WARN_UNINITIALIZED_AUTOS = YES_AGGRESSIVE;
				GCC_WARN_UNUSED_FUNCTION = YES;
				GCC_WARN_UNUSED_VARIABLE = YES;
				IPHONEOS_DEPLOYMENT_TARGET = 10.3;
				MTL_ENABLE_DEBUG_INFO = NO;
				SDKROOT = iphoneos;
				SWIFT_OPTIMIZATION_LEVEL = "-Owholemodule";
				TARGETED_DEVICE_FAMILY = "1,2";
				VALIDATE_PRODUCT = YES;
			};
			name = Release;
		};
		FE2022101F00E92600BB10E9 /* Debug */ = {
			isa = XCBuildConfiguration;
			buildSettings = {
				ASSETCATALOG_COMPILER_APPICON_NAME = AppIcon;
				INFOPLIST_FILE = Practice0626_Closure/Info.plist;
				LD_RUNPATH_SEARCH_PATHS = "$(inherited) @executable_path/Frameworks";
				PRODUCT_BUNDLE_IDENTIFIER = "net.blackturtle2.Practice0626-Closure";
				PRODUCT_NAME = "$(TARGET_NAME)";
				SWIFT_VERSION = 3.0;
			};
			name = Debug;
		};
		FE2022111F00E92600BB10E9 /* Release */ = {
			isa = XCBuildConfiguration;
			buildSettings = {
				ASSETCATALOG_COMPILER_APPICON_NAME = AppIcon;
				INFOPLIST_FILE = Practice0626_Closure/Info.plist;
				LD_RUNPATH_SEARCH_PATHS = "$(inherited) @executable_path/Frameworks";
				PRODUCT_BUNDLE_IDENTIFIER = "net.blackturtle2.Practice0626-Closure";
				PRODUCT_NAME = "$(TARGET_NAME)";
				SWIFT_VERSION = 3.0;
			};
			name = Release;
		};
/* End XCBuildConfiguration section */

/* Begin XCConfigurationList section */
		FE2021F81F00E92600BB10E9 /* Build configuration list for PBXProject "Practice0626_Closure" */ = {
			isa = XCConfigurationList;
			buildConfigurations = (
				FE20220D1F00E92600BB10E9 /* Debug */,
				FE20220E1F00E92600BB10E9 /* Release */,
			);
			defaultConfigurationIsVisible = 0;
			defaultConfigurationName = Release;
		};
		FE20220F1F00E92600BB10E9 /* Build configuration list for PBXNativeTarget "Practice0626_Closure" */ = {
			isa = XCConfigurationList;
			buildConfigurations = (
				FE2022101F00E92600BB10E9 /* Debug */,
				FE2022111F00E92600BB10E9 /* Release */,
			);
			defaultConfigurationIsVisible = 0;
		};
/* End XCConfigurationList section */
	};
	rootObject = FE2021F51F00E92600BB10E9 /* Project object */;
}
